// !$*UTF8*$!
{
	archiveVersion = 1;
	classes = {
	};
	objectVersion = 50;
	objects = {

/* Begin PBXBuildFile section */
		A1000B6622E3FB93004CB269 /* ListViewController.swift in Sources */ = {isa = PBXBuildFile; fileRef = A1000B6522E3FB93004CB269 /* ListViewController.swift */; };
		A1000B6822E3FBA7004CB269 /* NewMovieListViewController.swift in Sources */ = {isa = PBXBuildFile; fileRef = A1000B6722E3FBA7004CB269 /* NewMovieListViewController.swift */; };
		A1000B6A22E3FBB6004CB269 /* NowMovieListViewController.swift in Sources */ = {isa = PBXBuildFile; fileRef = A1000B6922E3FBB6004CB269 /* NowMovieListViewController.swift */; };
		A1000B6C22E3FBC2004CB269 /* TopRateListViewController.swift in Sources */ = {isa = PBXBuildFile; fileRef = A1000B6B22E3FBC2004CB269 /* TopRateListViewController.swift */; };
		A1000B6E22E3FBCF004CB269 /* TrailerListViewController.swift in Sources */ = {isa = PBXBuildFile; fileRef = A1000B6D22E3FBCF004CB269 /* TrailerListViewController.swift */; };
		A1000B7422E4087F004CB269 /* NewMovieListController.swift in Sources */ = {isa = PBXBuildFile; fileRef = A1000B7322E4087F004CB269 /* NewMovieListController.swift */; };
		A1000B7822E4095A004CB269 /* NewMovieListViewModel.swift in Sources */ = {isa = PBXBuildFile; fileRef = A1000B7722E4095A004CB269 /* NewMovieListViewModel.swift */; };
		A1000B7C22E409DD004CB269 /* NewMovieListSectionViewModel.swift in Sources */ = {isa = PBXBuildFile; fileRef = A1000B7B22E409DD004CB269 /* NewMovieListSectionViewModel.swift */; };
		A1000B7E22E409EC004CB269 /* NewMovieListRowViewModel.swift in Sources */ = {isa = PBXBuildFile; fileRef = A1000B7D22E409EC004CB269 /* NewMovieListRowViewModel.swift */; };
		A1000B8222E418FE004CB269 /* NewMovieListTableViewCell.swift in Sources */ = {isa = PBXBuildFile; fileRef = A1000B8022E418FE004CB269 /* NewMovieListTableViewCell.swift */; };
		A1000B8322E418FE004CB269 /* NewMovieListTableViewCell.xib in Resources */ = {isa = PBXBuildFile; fileRef = A1000B8122E418FE004CB269 /* NewMovieListTableViewCell.xib */; };
		A10435AB22DCCFDF00784A10 /* UIImageView+MF.swift in Sources */ = {isa = PBXBuildFile; fileRef = A10435AA22DCCFDF00784A10 /* UIImageView+MF.swift */; };
		A104A70A22C90EEA0039B5AA /* MovieListCell.swift in Sources */ = {isa = PBXBuildFile; fileRef = A104A70922C90EEA0039B5AA /* MovieListCell.swift */; };
		A104A70D22C91A080039B5AA /* MovieService.swift in Sources */ = {isa = PBXBuildFile; fileRef = A104A70C22C91A080039B5AA /* MovieService.swift */; };
		A104A71122C98D400039B5AA /* Utils.swift in Sources */ = {isa = PBXBuildFile; fileRef = A104A71022C98D400039B5AA /* Utils.swift */; };
		A105E03E22D9BF3D00B85080 /* FavoriteMovieViewModel.swift in Sources */ = {isa = PBXBuildFile; fileRef = A105E03D22D9BF3D00B85080 /* FavoriteMovieViewModel.swift */; };
		A105E04022D9BFDD00B85080 /* FavoriteSectionViewModel.swift in Sources */ = {isa = PBXBuildFile; fileRef = A105E03F22D9BFDD00B85080 /* FavoriteSectionViewModel.swift */; };
		A105E04222D9BFED00B85080 /* FavoriteRowViewModel.swift in Sources */ = {isa = PBXBuildFile; fileRef = A105E04122D9BFED00B85080 /* FavoriteRowViewModel.swift */; };
		A105E04422D9C30B00B85080 /* FavoriteMovieController.swift in Sources */ = {isa = PBXBuildFile; fileRef = A105E04322D9C30B00B85080 /* FavoriteMovieController.swift */; };
		A105E04622D9CF1400B85080 /* FavoriteMovieCell.swift in Sources */ = {isa = PBXBuildFile; fileRef = A105E04522D9CF1400B85080 /* FavoriteMovieCell.swift */; };
		A107EC1622C51C3300A711DA /* Constants.swift in Sources */ = {isa = PBXBuildFile; fileRef = A107EC1522C51C3300A711DA /* Constants.swift */; };
		A107EC1B22C5272A00A711DA /* NowMovieView.xib in Resources */ = {isa = PBXBuildFile; fileRef = A107EC1722C5272900A711DA /* NowMovieView.xib */; };
		A107EC1C22C5272A00A711DA /* NowMovieTableViewCell.xib in Resources */ = {isa = PBXBuildFile; fileRef = A107EC1822C5272A00A711DA /* NowMovieTableViewCell.xib */; };
		A107EC1D22C5272A00A711DA /* NowMovieView.swift in Sources */ = {isa = PBXBuildFile; fileRef = A107EC1922C5272A00A711DA /* NowMovieView.swift */; };
		A107EC1E22C5272A00A711DA /* NowMovieTableViewCell.swift in Sources */ = {isa = PBXBuildFile; fileRef = A107EC1A22C5272A00A711DA /* NowMovieTableViewCell.swift */; };
		A107EC2122C52B9B00A711DA /* TopRateTableViewCell.swift in Sources */ = {isa = PBXBuildFile; fileRef = A107EC1F22C52B9B00A711DA /* TopRateTableViewCell.swift */; };
		A107EC2222C52B9B00A711DA /* TopRateTableViewCell.xib in Resources */ = {isa = PBXBuildFile; fileRef = A107EC2022C52B9B00A711DA /* TopRateTableViewCell.xib */; };
		A107EC2522C531F000A711DA /* TrailersMovieTableViewCell.swift in Sources */ = {isa = PBXBuildFile; fileRef = A107EC2322C531F000A711DA /* TrailersMovieTableViewCell.swift */; };
		A107EC2622C531F000A711DA /* TrailersMovieTableViewCell.xib in Resources */ = {isa = PBXBuildFile; fileRef = A107EC2422C531F000A711DA /* TrailersMovieTableViewCell.xib */; };
		A1083E0322C283AA0083F906 /* MovieListViewController.swift in Sources */ = {isa = PBXBuildFile; fileRef = A1083E0222C283AA0083F906 /* MovieListViewController.swift */; };
		A1083E0522C283CA0083F906 /* FavoriteMovieViewController.swift in Sources */ = {isa = PBXBuildFile; fileRef = A1083E0422C283CA0083F906 /* FavoriteMovieViewController.swift */; };
		A1083E0722C283F00083F906 /* CommentListViewController.swift in Sources */ = {isa = PBXBuildFile; fileRef = A1083E0622C283F00083F906 /* CommentListViewController.swift */; };
		A1083E0922C284330083F906 /* AccountViewController.swift in Sources */ = {isa = PBXBuildFile; fileRef = A1083E0822C284330083F906 /* AccountViewController.swift */; };
		A1157BFE22DAC271008FC3D3 /* CommentListViewModel.swift in Sources */ = {isa = PBXBuildFile; fileRef = A1157BFD22DAC271008FC3D3 /* CommentListViewModel.swift */; };
		A1157C0022DAC29D008FC3D3 /* CommentListSectionViewModel.swift in Sources */ = {isa = PBXBuildFile; fileRef = A1157BFF22DAC29D008FC3D3 /* CommentListSectionViewModel.swift */; };
		A1157C0222DAC2CB008FC3D3 /* CommentListRowViewModel.swift in Sources */ = {isa = PBXBuildFile; fileRef = A1157C0122DAC2CB008FC3D3 /* CommentListRowViewModel.swift */; };
		A1157C0422DAC3F6008FC3D3 /* GroupComment.swift in Sources */ = {isa = PBXBuildFile; fileRef = A1157C0322DAC3F6008FC3D3 /* GroupComment.swift */; };
		A1157C0622DAC532008FC3D3 /* Account.swift in Sources */ = {isa = PBXBuildFile; fileRef = A1157C0522DAC532008FC3D3 /* Account.swift */; };
		A1157C0822DAC93D008FC3D3 /* GoogleService-Info.plist in Resources */ = {isa = PBXBuildFile; fileRef = A1157C0722DAC93C008FC3D3 /* GoogleService-Info.plist */; };
		A1157C1422DADCB4008FC3D3 /* AccountViewModel.swift in Sources */ = {isa = PBXBuildFile; fileRef = A1157C1322DADCB3008FC3D3 /* AccountViewModel.swift */; };
		A1157C1622DADD1C008FC3D3 /* AccountSectionViewModel.swift in Sources */ = {isa = PBXBuildFile; fileRef = A1157C1522DADD1C008FC3D3 /* AccountSectionViewModel.swift */; };
		A1157C1822DADD6F008FC3D3 /* AccountRowViewModel.swift in Sources */ = {isa = PBXBuildFile; fileRef = A1157C1722DADD6F008FC3D3 /* AccountRowViewModel.swift */; };
		A1157C1A22DAE04C008FC3D3 /* AccountController.swift in Sources */ = {isa = PBXBuildFile; fileRef = A1157C1922DAE04C008FC3D3 /* AccountController.swift */; };
		A1157C1C22DB2366008FC3D3 /* AccountCell.swift in Sources */ = {isa = PBXBuildFile; fileRef = A1157C1B22DB2366008FC3D3 /* AccountCell.swift */; };
		A1187CE322D6281400E596F7 /* TrailerCollectionViewCell.swift in Sources */ = {isa = PBXBuildFile; fileRef = A1187CE122D6281400E596F7 /* TrailerCollectionViewCell.swift */; };
		A1187CE422D6281400E596F7 /* TrailerCollectionViewCell.xib in Resources */ = {isa = PBXBuildFile; fileRef = A1187CE222D6281400E596F7 /* TrailerCollectionViewCell.xib */; };
		A1187CE622D63F0100E596F7 /* TrailerMovieView.swift in Sources */ = {isa = PBXBuildFile; fileRef = A1187CE522D63F0100E596F7 /* TrailerMovieView.swift */; };
		A1187CE822D63F1300E596F7 /* TrailerMovieView.xib in Resources */ = {isa = PBXBuildFile; fileRef = A1187CE722D63F1300E596F7 /* TrailerMovieView.xib */; };
		A1396AE622D8E1C40046DE6A /* FavoriteTableViewCell.swift in Sources */ = {isa = PBXBuildFile; fileRef = A1396AE422D8E1C40046DE6A /* FavoriteTableViewCell.swift */; };
		A1396AE722D8E1C40046DE6A /* FavoriteTableViewCell.xib in Resources */ = {isa = PBXBuildFile; fileRef = A1396AE522D8E1C40046DE6A /* FavoriteTableViewCell.xib */; };
		A1460AB322C6796A00E4BAA5 /* MovieListSectionViewModel.swift in Sources */ = {isa = PBXBuildFile; fileRef = A1460AB222C6796A00E4BAA5 /* MovieListSectionViewModel.swift */; };
		A1460AB522C679CA00E4BAA5 /* DynamicType.swift in Sources */ = {isa = PBXBuildFile; fileRef = A1460AB422C679CA00E4BAA5 /* DynamicType.swift */; };
		A1460AB722C67DB000E4BAA5 /* Movie.swift in Sources */ = {isa = PBXBuildFile; fileRef = A1460AB622C67DB000E4BAA5 /* Movie.swift */; };
		A1460AB922C67FD700E4BAA5 /* NewMovieCellViewModel.swift in Sources */ = {isa = PBXBuildFile; fileRef = A1460AB822C67FD700E4BAA5 /* NewMovieCellViewModel.swift */; };
		A1460ABB22C6801300E4BAA5 /* NowMovieCellViewModel.swift in Sources */ = {isa = PBXBuildFile; fileRef = A1460ABA22C6801300E4BAA5 /* NowMovieCellViewModel.swift */; };
		A1460ABD22C680EE00E4BAA5 /* TopRateCellViewModel.swift in Sources */ = {isa = PBXBuildFile; fileRef = A1460ABC22C680EE00E4BAA5 /* TopRateCellViewModel.swift */; };
		A1460ABF22C6810200E4BAA5 /* TrailersMovieCellViewModel.swift in Sources */ = {isa = PBXBuildFile; fileRef = A1460ABE22C6810200E4BAA5 /* TrailersMovieCellViewModel.swift */; };
		A1460AC122C682CF00E4BAA5 /* MovieListCellViewModel.swift in Sources */ = {isa = PBXBuildFile; fileRef = A1460AC022C682CF00E4BAA5 /* MovieListCellViewModel.swift */; };
		A1460AC422C687C000E4BAA5 /* MovieListController.swift in Sources */ = {isa = PBXBuildFile; fileRef = A1460AC322C687C000E4BAA5 /* MovieListController.swift */; };
		A1460AC722C6885C00E4BAA5 /* MovieListViewModel.swift in Sources */ = {isa = PBXBuildFile; fileRef = A1460AC622C6885C00E4BAA5 /* MovieListViewModel.swift */; };
		A1460ACE22C692C300E4BAA5 /* Utils.storyboard in Resources */ = {isa = PBXBuildFile; fileRef = A1460ACD22C692C300E4BAA5 /* Utils.storyboard */; };
		A1460AD122C6950E00E4BAA5 /* LoadingViewController.swift in Sources */ = {isa = PBXBuildFile; fileRef = A1460AD022C6950E00E4BAA5 /* LoadingViewController.swift */; };
		A169EF8822C1440300AC7D6F /* AppDelegate.swift in Sources */ = {isa = PBXBuildFile; fileRef = A169EF8722C1440300AC7D6F /* AppDelegate.swift */; };
		A169EF8D22C1440300AC7D6F /* Main.storyboard in Resources */ = {isa = PBXBuildFile; fileRef = A169EF8B22C1440300AC7D6F /* Main.storyboard */; };
		A169EF8F22C1440500AC7D6F /* Assets.xcassets in Resources */ = {isa = PBXBuildFile; fileRef = A169EF8E22C1440500AC7D6F /* Assets.xcassets */; };
		A1806D8222DF758D009EA18F /* MovieDetailViewController.swift in Sources */ = {isa = PBXBuildFile; fileRef = A1806D8122DF758D009EA18F /* MovieDetailViewController.swift */; };
		A1806D8622DF79D2009EA18F /* MoviePlayerTableViewCell.swift in Sources */ = {isa = PBXBuildFile; fileRef = A1806D8422DF79D2009EA18F /* MoviePlayerTableViewCell.swift */; };
		A1806D8722DF79D2009EA18F /* MoviePlayerTableViewCell.xib in Resources */ = {isa = PBXBuildFile; fileRef = A1806D8522DF79D2009EA18F /* MoviePlayerTableViewCell.xib */; };
		A1806D8A22DF854B009EA18F /* ContentTableViewCell.swift in Sources */ = {isa = PBXBuildFile; fileRef = A1806D8822DF854B009EA18F /* ContentTableViewCell.swift */; };
		A1806D8B22DF854B009EA18F /* ContentTableViewCell.xib in Resources */ = {isa = PBXBuildFile; fileRef = A1806D8922DF854B009EA18F /* ContentTableViewCell.xib */; };
		A1806D8E22DF88E0009EA18F /* CastTableViewCell.swift in Sources */ = {isa = PBXBuildFile; fileRef = A1806D8C22DF88E0009EA18F /* CastTableViewCell.swift */; };
		A1806D8F22DF88E0009EA18F /* CastTableViewCell.xib in Resources */ = {isa = PBXBuildFile; fileRef = A1806D8D22DF88E0009EA18F /* CastTableViewCell.xib */; };
		A1806D9222DF8BB9009EA18F /* CastCollectionViewCell.swift in Sources */ = {isa = PBXBuildFile; fileRef = A1806D9022DF8BB9009EA18F /* CastCollectionViewCell.swift */; };
		A1806D9322DF8BB9009EA18F /* CastCollectionViewCell.xib in Resources */ = {isa = PBXBuildFile; fileRef = A1806D9122DF8BB9009EA18F /* CastCollectionViewCell.xib */; };
		A1806D9A22DFED31009EA18F /* MovieDetailViewModel.swift in Sources */ = {isa = PBXBuildFile; fileRef = A1806D9922DFED30009EA18F /* MovieDetailViewModel.swift */; };
		A1806D9C22DFED86009EA18F /* MovieDetailSectionViewModel.swift in Sources */ = {isa = PBXBuildFile; fileRef = A1806D9B22DFED86009EA18F /* MovieDetailSectionViewModel.swift */; };
		A1806D9E22DFEDB0009EA18F /* MoviePlayerViewModel.swift in Sources */ = {isa = PBXBuildFile; fileRef = A1806D9D22DFEDB0009EA18F /* MoviePlayerViewModel.swift */; };
		A1806DA022DFEDC9009EA18F /* ContentViewModel.swift in Sources */ = {isa = PBXBuildFile; fileRef = A1806D9F22DFEDC9009EA18F /* ContentViewModel.swift */; };
		A1806DA222DFEDD7009EA18F /* CastViewModel.swift in Sources */ = {isa = PBXBuildFile; fileRef = A1806DA122DFEDD7009EA18F /* CastViewModel.swift */; };
		A1806DA522DFEDFA009EA18F /* MovieDetailRowViewModel.swift in Sources */ = {isa = PBXBuildFile; fileRef = A1806DA422DFEDFA009EA18F /* MovieDetailRowViewModel.swift */; };
		A1806DA722DFF95A009EA18F /* MovieDetailController.swift in Sources */ = {isa = PBXBuildFile; fileRef = A1806DA622DFF95A009EA18F /* MovieDetailController.swift */; };
		A1A3E31622C3C64900C5DF5F /* NewMovieTableViewCell.swift in Sources */ = {isa = PBXBuildFile; fileRef = A1A3E31422C3C64900C5DF5F /* NewMovieTableViewCell.swift */; };
		A1A3E31722C3C64900C5DF5F /* NewMovieTableViewCell.xib in Resources */ = {isa = PBXBuildFile; fileRef = A1A3E31522C3C64900C5DF5F /* NewMovieTableViewCell.xib */; };
		A1BFED2D22D2B13E005F4000 /* UInt64+MF.swift in Sources */ = {isa = PBXBuildFile; fileRef = A1BFED2C22D2B13E005F4000 /* UInt64+MF.swift */; };
		A1D1D72922DB72FF001ABDE9 /* UsernameTableViewCell.swift in Sources */ = {isa = PBXBuildFile; fileRef = A1D1D72722DB72FF001ABDE9 /* UsernameTableViewCell.swift */; };
		A1D1D72A22DB72FF001ABDE9 /* UsernameTableViewCell.xib in Resources */ = {isa = PBXBuildFile; fileRef = A1D1D72822DB72FF001ABDE9 /* UsernameTableViewCell.xib */; };
		A1D1D73122DB7348001ABDE9 /* EmailTableViewCell.swift in Sources */ = {isa = PBXBuildFile; fileRef = A1D1D72F22DB7348001ABDE9 /* EmailTableViewCell.swift */; };
		A1D1D73222DB7348001ABDE9 /* EmailTableViewCell.xib in Resources */ = {isa = PBXBuildFile; fileRef = A1D1D73022DB7348001ABDE9 /* EmailTableViewCell.xib */; };
		A1D1D73522DB7358001ABDE9 /* AddressTableViewCell.swift in Sources */ = {isa = PBXBuildFile; fileRef = A1D1D73322DB7358001ABDE9 /* AddressTableViewCell.swift */; };
		A1D1D73622DB7358001ABDE9 /* AddressTableViewCell.xib in Resources */ = {isa = PBXBuildFile; fileRef = A1D1D73422DB7358001ABDE9 /* AddressTableViewCell.xib */; };
		A1D1D73B22DB737E001ABDE9 /* DateOfBirthTableViewCell.swift in Sources */ = {isa = PBXBuildFile; fileRef = A1D1D73922DB737E001ABDE9 /* DateOfBirthTableViewCell.swift */; };
		A1D1D73C22DB737E001ABDE9 /* DateOfBirthTableViewCell.xib in Resources */ = {isa = PBXBuildFile; fileRef = A1D1D73A22DB737E001ABDE9 /* DateOfBirthTableViewCell.xib */; };
		A1D1D73F22DB790D001ABDE9 /* UsernameViewModel.swift in Sources */ = {isa = PBXBuildFile; fileRef = A1D1D73E22DB790D001ABDE9 /* UsernameViewModel.swift */; };
		A1D1D74122DB7929001ABDE9 /* EmailViewModel.swift in Sources */ = {isa = PBXBuildFile; fileRef = A1D1D74022DB7929001ABDE9 /* EmailViewModel.swift */; };
		A1D1D74322DB794D001ABDE9 /* AddressViewModel.swift in Sources */ = {isa = PBXBuildFile; fileRef = A1D1D74222DB794D001ABDE9 /* AddressViewModel.swift */; };
		A1D1D74522DB796D001ABDE9 /* DateOfBirthViewModel.swift in Sources */ = {isa = PBXBuildFile; fileRef = A1D1D74422DB796D001ABDE9 /* DateOfBirthViewModel.swift */; };
		A1FAEE1122E2C03C00FBF351 /* Cast.swift in Sources */ = {isa = PBXBuildFile; fileRef = A1FAEE1022E2C03C00FBF351 /* Cast.swift */; };
		A1FAEE1422E2F7B800FBF351 /* CommentTableViewCell.swift in Sources */ = {isa = PBXBuildFile; fileRef = A1FAEE1222E2F7B700FBF351 /* CommentTableViewCell.swift */; };
		A1FAEE1522E2F7B800FBF351 /* CommentTableViewCell.xib in Resources */ = {isa = PBXBuildFile; fileRef = A1FAEE1322E2F7B700FBF351 /* CommentTableViewCell.xib */; };
		A1FAEE1722E2FA4000FBF351 /* CommentViewModel.swift in Sources */ = {isa = PBXBuildFile; fileRef = A1FAEE1622E2FA4000FBF351 /* CommentViewModel.swift */; };
		A1FC448322D416F000F59966 /* TopRateCollectionViewCell.swift in Sources */ = {isa = PBXBuildFile; fileRef = A1FC448122D416F000F59966 /* TopRateCollectionViewCell.swift */; };
		A1FC448422D416F000F59966 /* TopRateCollectionViewCell.xib in Resources */ = {isa = PBXBuildFile; fileRef = A1FC448222D416F000F59966 /* TopRateCollectionViewCell.xib */; };
		A1FD10EB22E08B3C004380FA /* MovieDetailCell.swift in Sources */ = {isa = PBXBuildFile; fileRef = A1FD10EA22E08B3C004380FA /* MovieDetailCell.swift */; };
		A1FEE11322DA3A6A000F317F /* CommentListTableViewCell.swift in Sources */ = {isa = PBXBuildFile; fileRef = A1FEE11122DA3A6A000F317F /* CommentListTableViewCell.swift */; };
		A1FEE11422DA3A6A000F317F /* CommentListTableViewCell.xib in Resources */ = {isa = PBXBuildFile; fileRef = A1FEE11222DA3A6A000F317F /* CommentListTableViewCell.xib */; };
		A1FEE11622DA3C72000F317F /* CommentListController.swift in Sources */ = {isa = PBXBuildFile; fileRef = A1FEE11522DA3C72000F317F /* CommentListController.swift */; };
		A1FF5BC622D0E19B004B334B /* UIView+MF.swift in Sources */ = {isa = PBXBuildFile; fileRef = A1FF5BC522D0E19B004B334B /* UIView+MF.swift */; };
		A1FF5BCB22D0FF56004B334B /* NewMovieCollectionViewCell.swift in Sources */ = {isa = PBXBuildFile; fileRef = A1FF5BC922D0FF56004B334B /* NewMovieCollectionViewCell.swift */; };
		A1FF5BCC22D0FF56004B334B /* NewMovieCollectionViewCell.xib in Resources */ = {isa = PBXBuildFile; fileRef = A1FF5BCA22D0FF56004B334B /* NewMovieCollectionViewCell.xib */; };
		D954DD06EDEA100A1D160E82 /* Pods_MovieFun.framework in Frameworks */ = {isa = PBXBuildFile; fileRef = F2ABDE2FD828218DF73118F9 /* Pods_MovieFun.framework */; };
/* End PBXBuildFile section */

/* Begin PBXFileReference section */
		4F855BCDB526970A5659EB69 /* Pods-MovieFun.release.xcconfig */ = {isa = PBXFileReference; includeInIndex = 1; lastKnownFileType = text.xcconfig; name = "Pods-MovieFun.release.xcconfig"; path = "Pods/Target Support Files/Pods-MovieFun/Pods-MovieFun.release.xcconfig"; sourceTree = "<group>"; };
		A1000B6522E3FB93004CB269 /* ListViewController.swift */ = {isa = PBXFileReference; lastKnownFileType = sourcecode.swift; path = ListViewController.swift; sourceTree = "<group>"; };
		A1000B6722E3FBA7004CB269 /* NewMovieListViewController.swift */ = {isa = PBXFileReference; lastKnownFileType = sourcecode.swift; path = NewMovieListViewController.swift; sourceTree = "<group>"; };
		A1000B6922E3FBB6004CB269 /* NowMovieListViewController.swift */ = {isa = PBXFileReference; lastKnownFileType = sourcecode.swift; path = NowMovieListViewController.swift; sourceTree = "<group>"; };
		A1000B6B22E3FBC2004CB269 /* TopRateListViewController.swift */ = {isa = PBXFileReference; lastKnownFileType = sourcecode.swift; path = TopRateListViewController.swift; sourceTree = "<group>"; };
		A1000B6D22E3FBCF004CB269 /* TrailerListViewController.swift */ = {isa = PBXFileReference; lastKnownFileType = sourcecode.swift; path = TrailerListViewController.swift; sourceTree = "<group>"; };
		A1000B7322E4087F004CB269 /* NewMovieListController.swift */ = {isa = PBXFileReference; lastKnownFileType = sourcecode.swift; path = NewMovieListController.swift; sourceTree = "<group>"; };
		A1000B7722E4095A004CB269 /* NewMovieListViewModel.swift */ = {isa = PBXFileReference; lastKnownFileType = sourcecode.swift; path = NewMovieListViewModel.swift; sourceTree = "<group>"; };
		A1000B7B22E409DD004CB269 /* NewMovieListSectionViewModel.swift */ = {isa = PBXFileReference; lastKnownFileType = sourcecode.swift; path = NewMovieListSectionViewModel.swift; sourceTree = "<group>"; };
		A1000B7D22E409EC004CB269 /* NewMovieListRowViewModel.swift */ = {isa = PBXFileReference; lastKnownFileType = sourcecode.swift; path = NewMovieListRowViewModel.swift; sourceTree = "<group>"; };
		A1000B8022E418FE004CB269 /* NewMovieListTableViewCell.swift */ = {isa = PBXFileReference; lastKnownFileType = sourcecode.swift; path = NewMovieListTableViewCell.swift; sourceTree = "<group>"; };
		A1000B8122E418FE004CB269 /* NewMovieListTableViewCell.xib */ = {isa = PBXFileReference; lastKnownFileType = file.xib; path = NewMovieListTableViewCell.xib; sourceTree = "<group>"; };
		A10435AA22DCCFDF00784A10 /* UIImageView+MF.swift */ = {isa = PBXFileReference; lastKnownFileType = sourcecode.swift; path = "UIImageView+MF.swift"; sourceTree = "<group>"; };
		A104A70922C90EEA0039B5AA /* MovieListCell.swift */ = {isa = PBXFileReference; lastKnownFileType = sourcecode.swift; path = MovieListCell.swift; sourceTree = "<group>"; };
		A104A70C22C91A080039B5AA /* MovieService.swift */ = {isa = PBXFileReference; lastKnownFileType = sourcecode.swift; path = MovieService.swift; sourceTree = "<group>"; };
		A104A71022C98D400039B5AA /* Utils.swift */ = {isa = PBXFileReference; lastKnownFileType = sourcecode.swift; path = Utils.swift; sourceTree = "<group>"; };
		A105E03D22D9BF3D00B85080 /* FavoriteMovieViewModel.swift */ = {isa = PBXFileReference; lastKnownFileType = sourcecode.swift; path = FavoriteMovieViewModel.swift; sourceTree = "<group>"; };
		A105E03F22D9BFDD00B85080 /* FavoriteSectionViewModel.swift */ = {isa = PBXFileReference; lastKnownFileType = sourcecode.swift; path = FavoriteSectionViewModel.swift; sourceTree = "<group>"; };
		A105E04122D9BFED00B85080 /* FavoriteRowViewModel.swift */ = {isa = PBXFileReference; lastKnownFileType = sourcecode.swift; path = FavoriteRowViewModel.swift; sourceTree = "<group>"; };
		A105E04322D9C30B00B85080 /* FavoriteMovieController.swift */ = {isa = PBXFileReference; lastKnownFileType = sourcecode.swift; path = FavoriteMovieController.swift; sourceTree = "<group>"; };
		A105E04522D9CF1400B85080 /* FavoriteMovieCell.swift */ = {isa = PBXFileReference; lastKnownFileType = sourcecode.swift; path = FavoriteMovieCell.swift; sourceTree = "<group>"; };
		A107EC1522C51C3300A711DA /* Constants.swift */ = {isa = PBXFileReference; lastKnownFileType = sourcecode.swift; path = Constants.swift; sourceTree = "<group>"; };
		A107EC1722C5272900A711DA /* NowMovieView.xib */ = {isa = PBXFileReference; fileEncoding = 4; lastKnownFileType = file.xib; path = NowMovieView.xib; sourceTree = "<group>"; };
		A107EC1822C5272A00A711DA /* NowMovieTableViewCell.xib */ = {isa = PBXFileReference; fileEncoding = 4; lastKnownFileType = file.xib; path = NowMovieTableViewCell.xib; sourceTree = "<group>"; };
		A107EC1922C5272A00A711DA /* NowMovieView.swift */ = {isa = PBXFileReference; fileEncoding = 4; lastKnownFileType = sourcecode.swift; path = NowMovieView.swift; sourceTree = "<group>"; };
		A107EC1A22C5272A00A711DA /* NowMovieTableViewCell.swift */ = {isa = PBXFileReference; fileEncoding = 4; lastKnownFileType = sourcecode.swift; path = NowMovieTableViewCell.swift; sourceTree = "<group>"; };
		A107EC1F22C52B9B00A711DA /* TopRateTableViewCell.swift */ = {isa = PBXFileReference; lastKnownFileType = sourcecode.swift; path = TopRateTableViewCell.swift; sourceTree = "<group>"; };
		A107EC2022C52B9B00A711DA /* TopRateTableViewCell.xib */ = {isa = PBXFileReference; lastKnownFileType = file.xib; path = TopRateTableViewCell.xib; sourceTree = "<group>"; };
		A107EC2322C531F000A711DA /* TrailersMovieTableViewCell.swift */ = {isa = PBXFileReference; lastKnownFileType = sourcecode.swift; path = TrailersMovieTableViewCell.swift; sourceTree = "<group>"; };
		A107EC2422C531F000A711DA /* TrailersMovieTableViewCell.xib */ = {isa = PBXFileReference; lastKnownFileType = file.xib; path = TrailersMovieTableViewCell.xib; sourceTree = "<group>"; };
		A1083E0222C283AA0083F906 /* MovieListViewController.swift */ = {isa = PBXFileReference; lastKnownFileType = sourcecode.swift; path = MovieListViewController.swift; sourceTree = "<group>"; };
		A1083E0422C283CA0083F906 /* FavoriteMovieViewController.swift */ = {isa = PBXFileReference; lastKnownFileType = sourcecode.swift; path = FavoriteMovieViewController.swift; sourceTree = "<group>"; };
		A1083E0622C283F00083F906 /* CommentListViewController.swift */ = {isa = PBXFileReference; lastKnownFileType = sourcecode.swift; path = CommentListViewController.swift; sourceTree = "<group>"; };
		A1083E0822C284330083F906 /* AccountViewController.swift */ = {isa = PBXFileReference; lastKnownFileType = sourcecode.swift; path = AccountViewController.swift; sourceTree = "<group>"; };
		A1157BFD22DAC271008FC3D3 /* CommentListViewModel.swift */ = {isa = PBXFileReference; lastKnownFileType = sourcecode.swift; path = CommentListViewModel.swift; sourceTree = "<group>"; };
		A1157BFF22DAC29D008FC3D3 /* CommentListSectionViewModel.swift */ = {isa = PBXFileReference; lastKnownFileType = sourcecode.swift; path = CommentListSectionViewModel.swift; sourceTree = "<group>"; };
		A1157C0122DAC2CB008FC3D3 /* CommentListRowViewModel.swift */ = {isa = PBXFileReference; lastKnownFileType = sourcecode.swift; path = CommentListRowViewModel.swift; sourceTree = "<group>"; };
		A1157C0322DAC3F6008FC3D3 /* GroupComment.swift */ = {isa = PBXFileReference; lastKnownFileType = sourcecode.swift; path = GroupComment.swift; sourceTree = "<group>"; };
		A1157C0522DAC532008FC3D3 /* Account.swift */ = {isa = PBXFileReference; lastKnownFileType = sourcecode.swift; path = Account.swift; sourceTree = "<group>"; };
		A1157C0722DAC93C008FC3D3 /* GoogleService-Info.plist */ = {isa = PBXFileReference; fileEncoding = 4; lastKnownFileType = text.plist.xml; path = "GoogleService-Info.plist"; sourceTree = "<group>"; };
		A1157C1322DADCB3008FC3D3 /* AccountViewModel.swift */ = {isa = PBXFileReference; lastKnownFileType = sourcecode.swift; path = AccountViewModel.swift; sourceTree = "<group>"; };
		A1157C1522DADD1C008FC3D3 /* AccountSectionViewModel.swift */ = {isa = PBXFileReference; lastKnownFileType = sourcecode.swift; path = AccountSectionViewModel.swift; sourceTree = "<group>"; };
		A1157C1722DADD6F008FC3D3 /* AccountRowViewModel.swift */ = {isa = PBXFileReference; lastKnownFileType = sourcecode.swift; path = AccountRowViewModel.swift; sourceTree = "<group>"; };
		A1157C1922DAE04C008FC3D3 /* AccountController.swift */ = {isa = PBXFileReference; lastKnownFileType = sourcecode.swift; path = AccountController.swift; sourceTree = "<group>"; };
		A1157C1B22DB2366008FC3D3 /* AccountCell.swift */ = {isa = PBXFileReference; lastKnownFileType = sourcecode.swift; path = AccountCell.swift; sourceTree = "<group>"; };
		A1187CE122D6281400E596F7 /* TrailerCollectionViewCell.swift */ = {isa = PBXFileReference; lastKnownFileType = sourcecode.swift; path = TrailerCollectionViewCell.swift; sourceTree = "<group>"; };
		A1187CE222D6281400E596F7 /* TrailerCollectionViewCell.xib */ = {isa = PBXFileReference; lastKnownFileType = file.xib; path = TrailerCollectionViewCell.xib; sourceTree = "<group>"; };
		A1187CE522D63F0100E596F7 /* TrailerMovieView.swift */ = {isa = PBXFileReference; lastKnownFileType = sourcecode.swift; path = TrailerMovieView.swift; sourceTree = "<group>"; };
		A1187CE722D63F1300E596F7 /* TrailerMovieView.xib */ = {isa = PBXFileReference; lastKnownFileType = file.xib; path = TrailerMovieView.xib; sourceTree = "<group>"; };
		A1396AE422D8E1C40046DE6A /* FavoriteTableViewCell.swift */ = {isa = PBXFileReference; lastKnownFileType = sourcecode.swift; path = FavoriteTableViewCell.swift; sourceTree = "<group>"; };
		A1396AE522D8E1C40046DE6A /* FavoriteTableViewCell.xib */ = {isa = PBXFileReference; lastKnownFileType = file.xib; path = FavoriteTableViewCell.xib; sourceTree = "<group>"; };
		A1460AB222C6796A00E4BAA5 /* MovieListSectionViewModel.swift */ = {isa = PBXFileReference; lastKnownFileType = sourcecode.swift; path = MovieListSectionViewModel.swift; sourceTree = "<group>"; };
		A1460AB422C679CA00E4BAA5 /* DynamicType.swift */ = {isa = PBXFileReference; lastKnownFileType = sourcecode.swift; path = DynamicType.swift; sourceTree = "<group>"; };
		A1460AB622C67DB000E4BAA5 /* Movie.swift */ = {isa = PBXFileReference; lastKnownFileType = sourcecode.swift; path = Movie.swift; sourceTree = "<group>"; };
		A1460AB822C67FD700E4BAA5 /* NewMovieCellViewModel.swift */ = {isa = PBXFileReference; lastKnownFileType = sourcecode.swift; path = NewMovieCellViewModel.swift; sourceTree = "<group>"; };
		A1460ABA22C6801300E4BAA5 /* NowMovieCellViewModel.swift */ = {isa = PBXFileReference; lastKnownFileType = sourcecode.swift; path = NowMovieCellViewModel.swift; sourceTree = "<group>"; };
		A1460ABC22C680EE00E4BAA5 /* TopRateCellViewModel.swift */ = {isa = PBXFileReference; lastKnownFileType = sourcecode.swift; path = TopRateCellViewModel.swift; sourceTree = "<group>"; };
		A1460ABE22C6810200E4BAA5 /* TrailersMovieCellViewModel.swift */ = {isa = PBXFileReference; lastKnownFileType = sourcecode.swift; path = TrailersMovieCellViewModel.swift; sourceTree = "<group>"; };
		A1460AC022C682CF00E4BAA5 /* MovieListCellViewModel.swift */ = {isa = PBXFileReference; lastKnownFileType = sourcecode.swift; path = MovieListCellViewModel.swift; sourceTree = "<group>"; };
		A1460AC322C687C000E4BAA5 /* MovieListController.swift */ = {isa = PBXFileReference; lastKnownFileType = sourcecode.swift; path = MovieListController.swift; sourceTree = "<group>"; };
		A1460AC622C6885C00E4BAA5 /* MovieListViewModel.swift */ = {isa = PBXFileReference; lastKnownFileType = sourcecode.swift; path = MovieListViewModel.swift; sourceTree = "<group>"; };
		A1460ACD22C692C300E4BAA5 /* Utils.storyboard */ = {isa = PBXFileReference; lastKnownFileType = file.storyboard; path = Utils.storyboard; sourceTree = "<group>"; };
		A1460AD022C6950E00E4BAA5 /* LoadingViewController.swift */ = {isa = PBXFileReference; lastKnownFileType = sourcecode.swift; path = LoadingViewController.swift; sourceTree = "<group>"; };
		A169EF8422C1440300AC7D6F /* MovieFun.app */ = {isa = PBXFileReference; explicitFileType = wrapper.application; includeInIndex = 0; path = MovieFun.app; sourceTree = BUILT_PRODUCTS_DIR; };
		A169EF8722C1440300AC7D6F /* AppDelegate.swift */ = {isa = PBXFileReference; lastKnownFileType = sourcecode.swift; path = AppDelegate.swift; sourceTree = "<group>"; };
		A169EF8C22C1440300AC7D6F /* Base */ = {isa = PBXFileReference; lastKnownFileType = file.storyboard; name = Base; path = Base.lproj/Main.storyboard; sourceTree = "<group>"; };
		A169EF8E22C1440500AC7D6F /* Assets.xcassets */ = {isa = PBXFileReference; lastKnownFileType = folder.assetcatalog; path = Assets.xcassets; sourceTree = "<group>"; };
		A169EF9322C1440500AC7D6F /* Info.plist */ = {isa = PBXFileReference; lastKnownFileType = text.plist.xml; path = Info.plist; sourceTree = "<group>"; };
		A1806D8122DF758D009EA18F /* MovieDetailViewController.swift */ = {isa = PBXFileReference; lastKnownFileType = sourcecode.swift; path = MovieDetailViewController.swift; sourceTree = "<group>"; };
		A1806D8422DF79D2009EA18F /* MoviePlayerTableViewCell.swift */ = {isa = PBXFileReference; lastKnownFileType = sourcecode.swift; path = MoviePlayerTableViewCell.swift; sourceTree = "<group>"; };
		A1806D8522DF79D2009EA18F /* MoviePlayerTableViewCell.xib */ = {isa = PBXFileReference; lastKnownFileType = file.xib; path = MoviePlayerTableViewCell.xib; sourceTree = "<group>"; };
		A1806D8822DF854B009EA18F /* ContentTableViewCell.swift */ = {isa = PBXFileReference; lastKnownFileType = sourcecode.swift; path = ContentTableViewCell.swift; sourceTree = "<group>"; };
		A1806D8922DF854B009EA18F /* ContentTableViewCell.xib */ = {isa = PBXFileReference; lastKnownFileType = file.xib; path = ContentTableViewCell.xib; sourceTree = "<group>"; };
		A1806D8C22DF88E0009EA18F /* CastTableViewCell.swift */ = {isa = PBXFileReference; lastKnownFileType = sourcecode.swift; path = CastTableViewCell.swift; sourceTree = "<group>"; };
		A1806D8D22DF88E0009EA18F /* CastTableViewCell.xib */ = {isa = PBXFileReference; lastKnownFileType = file.xib; path = CastTableViewCell.xib; sourceTree = "<group>"; };
		A1806D9022DF8BB9009EA18F /* CastCollectionViewCell.swift */ = {isa = PBXFileReference; lastKnownFileType = sourcecode.swift; path = CastCollectionViewCell.swift; sourceTree = "<group>"; };
		A1806D9122DF8BB9009EA18F /* CastCollectionViewCell.xib */ = {isa = PBXFileReference; lastKnownFileType = file.xib; path = CastCollectionViewCell.xib; sourceTree = "<group>"; };
		A1806D9922DFED30009EA18F /* MovieDetailViewModel.swift */ = {isa = PBXFileReference; lastKnownFileType = sourcecode.swift; path = MovieDetailViewModel.swift; sourceTree = "<group>"; };
		A1806D9B22DFED86009EA18F /* MovieDetailSectionViewModel.swift */ = {isa = PBXFileReference; lastKnownFileType = sourcecode.swift; path = MovieDetailSectionViewModel.swift; sourceTree = "<group>"; };
		A1806D9D22DFEDB0009EA18F /* MoviePlayerViewModel.swift */ = {isa = PBXFileReference; lastKnownFileType = sourcecode.swift; path = MoviePlayerViewModel.swift; sourceTree = "<group>"; };
		A1806D9F22DFEDC9009EA18F /* ContentViewModel.swift */ = {isa = PBXFileReference; lastKnownFileType = sourcecode.swift; path = ContentViewModel.swift; sourceTree = "<group>"; };
		A1806DA122DFEDD7009EA18F /* CastViewModel.swift */ = {isa = PBXFileReference; lastKnownFileType = sourcecode.swift; path = CastViewModel.swift; sourceTree = "<group>"; };
		A1806DA422DFEDFA009EA18F /* MovieDetailRowViewModel.swift */ = {isa = PBXFileReference; lastKnownFileType = sourcecode.swift; path = MovieDetailRowViewModel.swift; sourceTree = "<group>"; };
		A1806DA622DFF95A009EA18F /* MovieDetailController.swift */ = {isa = PBXFileReference; lastKnownFileType = sourcecode.swift; path = MovieDetailController.swift; sourceTree = "<group>"; };
		A1A3E31422C3C64900C5DF5F /* NewMovieTableViewCell.swift */ = {isa = PBXFileReference; lastKnownFileType = sourcecode.swift; path = NewMovieTableViewCell.swift; sourceTree = "<group>"; };
		A1A3E31522C3C64900C5DF5F /* NewMovieTableViewCell.xib */ = {isa = PBXFileReference; lastKnownFileType = file.xib; path = NewMovieTableViewCell.xib; sourceTree = "<group>"; };
		A1BFED2C22D2B13E005F4000 /* UInt64+MF.swift */ = {isa = PBXFileReference; lastKnownFileType = sourcecode.swift; path = "UInt64+MF.swift"; sourceTree = "<group>"; };
		A1D1D72722DB72FF001ABDE9 /* UsernameTableViewCell.swift */ = {isa = PBXFileReference; lastKnownFileType = sourcecode.swift; path = UsernameTableViewCell.swift; sourceTree = "<group>"; };
		A1D1D72822DB72FF001ABDE9 /* UsernameTableViewCell.xib */ = {isa = PBXFileReference; lastKnownFileType = file.xib; path = UsernameTableViewCell.xib; sourceTree = "<group>"; };
		A1D1D72F22DB7348001ABDE9 /* EmailTableViewCell.swift */ = {isa = PBXFileReference; lastKnownFileType = sourcecode.swift; path = EmailTableViewCell.swift; sourceTree = "<group>"; };
		A1D1D73022DB7348001ABDE9 /* EmailTableViewCell.xib */ = {isa = PBXFileReference; lastKnownFileType = file.xib; path = EmailTableViewCell.xib; sourceTree = "<group>"; };
		A1D1D73322DB7358001ABDE9 /* AddressTableViewCell.swift */ = {isa = PBXFileReference; lastKnownFileType = sourcecode.swift; path = AddressTableViewCell.swift; sourceTree = "<group>"; };
		A1D1D73422DB7358001ABDE9 /* AddressTableViewCell.xib */ = {isa = PBXFileReference; lastKnownFileType = file.xib; path = AddressTableViewCell.xib; sourceTree = "<group>"; };
		A1D1D73922DB737E001ABDE9 /* DateOfBirthTableViewCell.swift */ = {isa = PBXFileReference; lastKnownFileType = sourcecode.swift; path = DateOfBirthTableViewCell.swift; sourceTree = "<group>"; };
		A1D1D73A22DB737E001ABDE9 /* DateOfBirthTableViewCell.xib */ = {isa = PBXFileReference; lastKnownFileType = file.xib; path = DateOfBirthTableViewCell.xib; sourceTree = "<group>"; };
		A1D1D73E22DB790D001ABDE9 /* UsernameViewModel.swift */ = {isa = PBXFileReference; lastKnownFileType = sourcecode.swift; path = UsernameViewModel.swift; sourceTree = "<group>"; };
		A1D1D74022DB7929001ABDE9 /* EmailViewModel.swift */ = {isa = PBXFileReference; lastKnownFileType = sourcecode.swift; path = EmailViewModel.swift; sourceTree = "<group>"; };
		A1D1D74222DB794D001ABDE9 /* AddressViewModel.swift */ = {isa = PBXFileReference; lastKnownFileType = sourcecode.swift; path = AddressViewModel.swift; sourceTree = "<group>"; };
		A1D1D74422DB796D001ABDE9 /* DateOfBirthViewModel.swift */ = {isa = PBXFileReference; lastKnownFileType = sourcecode.swift; path = DateOfBirthViewModel.swift; sourceTree = "<group>"; };
		A1FAEE1022E2C03C00FBF351 /* Cast.swift */ = {isa = PBXFileReference; lastKnownFileType = sourcecode.swift; path = Cast.swift; sourceTree = "<group>"; };
		A1FAEE1222E2F7B700FBF351 /* CommentTableViewCell.swift */ = {isa = PBXFileReference; lastKnownFileType = sourcecode.swift; path = CommentTableViewCell.swift; sourceTree = "<group>"; };
		A1FAEE1322E2F7B700FBF351 /* CommentTableViewCell.xib */ = {isa = PBXFileReference; lastKnownFileType = file.xib; path = CommentTableViewCell.xib; sourceTree = "<group>"; };
		A1FAEE1622E2FA4000FBF351 /* CommentViewModel.swift */ = {isa = PBXFileReference; lastKnownFileType = sourcecode.swift; path = CommentViewModel.swift; sourceTree = "<group>"; };
		A1FC448122D416F000F59966 /* TopRateCollectionViewCell.swift */ = {isa = PBXFileReference; lastKnownFileType = sourcecode.swift; path = TopRateCollectionViewCell.swift; sourceTree = "<group>"; };
		A1FC448222D416F000F59966 /* TopRateCollectionViewCell.xib */ = {isa = PBXFileReference; lastKnownFileType = file.xib; path = TopRateCollectionViewCell.xib; sourceTree = "<group>"; };
		A1FD10EA22E08B3C004380FA /* MovieDetailCell.swift */ = {isa = PBXFileReference; lastKnownFileType = sourcecode.swift; path = MovieDetailCell.swift; sourceTree = "<group>"; };
		A1FEE11122DA3A6A000F317F /* CommentListTableViewCell.swift */ = {isa = PBXFileReference; lastKnownFileType = sourcecode.swift; path = CommentListTableViewCell.swift; sourceTree = "<group>"; };
		A1FEE11222DA3A6A000F317F /* CommentListTableViewCell.xib */ = {isa = PBXFileReference; lastKnownFileType = file.xib; path = CommentListTableViewCell.xib; sourceTree = "<group>"; };
		A1FEE11522DA3C72000F317F /* CommentListController.swift */ = {isa = PBXFileReference; lastKnownFileType = sourcecode.swift; path = CommentListController.swift; sourceTree = "<group>"; };
		A1FF5BC522D0E19B004B334B /* UIView+MF.swift */ = {isa = PBXFileReference; lastKnownFileType = sourcecode.swift; path = "UIView+MF.swift"; sourceTree = "<group>"; };
		A1FF5BC922D0FF56004B334B /* NewMovieCollectionViewCell.swift */ = {isa = PBXFileReference; lastKnownFileType = sourcecode.swift; path = NewMovieCollectionViewCell.swift; sourceTree = "<group>"; };
		A1FF5BCA22D0FF56004B334B /* NewMovieCollectionViewCell.xib */ = {isa = PBXFileReference; lastKnownFileType = file.xib; path = NewMovieCollectionViewCell.xib; sourceTree = "<group>"; };
		B13320E470BBB47B7E6EDBED /* Pods-MovieFun.debug.xcconfig */ = {isa = PBXFileReference; includeInIndex = 1; lastKnownFileType = text.xcconfig; name = "Pods-MovieFun.debug.xcconfig"; path = "Pods/Target Support Files/Pods-MovieFun/Pods-MovieFun.debug.xcconfig"; sourceTree = "<group>"; };
		F2ABDE2FD828218DF73118F9 /* Pods_MovieFun.framework */ = {isa = PBXFileReference; explicitFileType = wrapper.framework; includeInIndex = 0; path = Pods_MovieFun.framework; sourceTree = BUILT_PRODUCTS_DIR; };
/* End PBXFileReference section */

/* Begin PBXFrameworksBuildPhase section */
		A169EF8122C1440300AC7D6F /* Frameworks */ = {
			isa = PBXFrameworksBuildPhase;
			buildActionMask = 2147483647;
			files = (
				D954DD06EDEA100A1D160E82 /* Pods_MovieFun.framework in Frameworks */,
			);
			runOnlyForDeploymentPostprocessing = 0;
		};
/* End PBXFrameworksBuildPhase section */

/* Begin PBXGroup section */
		155524F7B48DB797A70FB03E /* Frameworks */ = {
			isa = PBXGroup;
			children = (
				F2ABDE2FD828218DF73118F9 /* Pods_MovieFun.framework */,
			);
			name = Frameworks;
			sourceTree = "<group>";
		};
		36C6AA914F40E0C86F32676A /* Pods */ = {
			isa = PBXGroup;
			children = (
				B13320E470BBB47B7E6EDBED /* Pods-MovieFun.debug.xcconfig */,
				4F855BCDB526970A5659EB69 /* Pods-MovieFun.release.xcconfig */,
			);
			name = Pods;
			sourceTree = "<group>";
		};
		A1000B6322E3FB3D004CB269 /* MovieList */ = {
			isa = PBXGroup;
			children = (
				A1000B6422E3FB72004CB269 /* Base */,
				A1000B7222E3FF8B004CB269 /* TrailerList */,
				A1000B7122E3FF80004CB269 /* TopRateList */,
				A1000B7022E3FF76004CB269 /* NowMovieList */,
				A1000B6F22E3FF6E004CB269 /* NewMovieList */,
			);
			path = MovieList;
			sourceTree = "<group>";
		};
		A1000B6422E3FB72004CB269 /* Base */ = {
			isa = PBXGroup;
			children = (
				A1000B6522E3FB93004CB269 /* ListViewController.swift */,
			);
			path = Base;
			sourceTree = "<group>";
		};
		A1000B6F22E3FF6E004CB269 /* NewMovieList */ = {
			isa = PBXGroup;
			children = (
				A1000B6722E3FBA7004CB269 /* NewMovieListViewController.swift */,
				A1000B7322E4087F004CB269 /* NewMovieListController.swift */,
				A1000B7F22E418E9004CB269 /* View */,
			);
			path = NewMovieList;
			sourceTree = "<group>";
		};
		A1000B7022E3FF76004CB269 /* NowMovieList */ = {
			isa = PBXGroup;
			children = (
				A1000B6922E3FBB6004CB269 /* NowMovieListViewController.swift */,
			);
			path = NowMovieList;
			sourceTree = "<group>";
		};
		A1000B7122E3FF80004CB269 /* TopRateList */ = {
			isa = PBXGroup;
			children = (
				A1000B6B22E3FBC2004CB269 /* TopRateListViewController.swift */,
			);
			path = TopRateList;
			sourceTree = "<group>";
		};
		A1000B7222E3FF8B004CB269 /* TrailerList */ = {
			isa = PBXGroup;
			children = (
				A1000B6D22E3FBCF004CB269 /* TrailerListViewController.swift */,
			);
			path = TrailerList;
			sourceTree = "<group>";
		};
		A1000B7522E40905004CB269 /* MovieList */ = {
			isa = PBXGroup;
			children = (
				A1000B7622E4094A004CB269 /* NewMovieList */,
			);
			path = MovieList;
			sourceTree = "<group>";
		};
		A1000B7622E4094A004CB269 /* NewMovieList */ = {
			isa = PBXGroup;
			children = (
				A1000B7A22E409BF004CB269 /* RowViewModel */,
				A1000B7922E409B6004CB269 /* SectionViewModel */,
				A1000B7722E4095A004CB269 /* NewMovieListViewModel.swift */,
			);
			path = NewMovieList;
			sourceTree = "<group>";
		};
		A1000B7922E409B6004CB269 /* SectionViewModel */ = {
			isa = PBXGroup;
			children = (
				A1000B7B22E409DD004CB269 /* NewMovieListSectionViewModel.swift */,
			);
			path = SectionViewModel;
			sourceTree = "<group>";
		};
		A1000B7A22E409BF004CB269 /* RowViewModel */ = {
			isa = PBXGroup;
			children = (
				A1000B7D22E409EC004CB269 /* NewMovieListRowViewModel.swift */,
			);
			path = RowViewModel;
			sourceTree = "<group>";
		};
		A1000B7F22E418E9004CB269 /* View */ = {
			isa = PBXGroup;
			children = (
				A1000B8022E418FE004CB269 /* NewMovieListTableViewCell.swift */,
				A1000B8122E418FE004CB269 /* NewMovieListTableViewCell.xib */,
			);
			path = View;
			sourceTree = "<group>";
		};
		A105E03B22D9B8C600B85080 /* RowViewModel */ = {
			isa = PBXGroup;
			children = (
				A105E04122D9BFED00B85080 /* FavoriteRowViewModel.swift */,
			);
			path = RowViewModel;
			sourceTree = "<group>";
		};
		A105E03C22D9BF1800B85080 /* SectionViewModel */ = {
			isa = PBXGroup;
			children = (
				A105E03F22D9BFDD00B85080 /* FavoriteSectionViewModel.swift */,
			);
			path = SectionViewModel;
			sourceTree = "<group>";
		};
		A1083E0B22C291DB0083F906 /* Network */ = {
			isa = PBXGroup;
			children = (
				A104A70C22C91A080039B5AA /* MovieService.swift */,
			);
			path = Network;
			sourceTree = "<group>";
		};
		A1083E0C22C292100083F906 /* View */ = {
			isa = PBXGroup;
			children = (
				A104A70922C90EEA0039B5AA /* MovieListCell.swift */,
				A107EC1A22C5272A00A711DA /* NowMovieTableViewCell.swift */,
				A107EC1822C5272A00A711DA /* NowMovieTableViewCell.xib */,
				A107EC1922C5272A00A711DA /* NowMovieView.swift */,
				A107EC1722C5272900A711DA /* NowMovieView.xib */,
				A1A3E31422C3C64900C5DF5F /* NewMovieTableViewCell.swift */,
				A1A3E31522C3C64900C5DF5F /* NewMovieTableViewCell.xib */,
				A107EC1F22C52B9B00A711DA /* TopRateTableViewCell.swift */,
				A107EC2022C52B9B00A711DA /* TopRateTableViewCell.xib */,
				A107EC2322C531F000A711DA /* TrailersMovieTableViewCell.swift */,
				A107EC2422C531F000A711DA /* TrailersMovieTableViewCell.xib */,
				A1FF5BC922D0FF56004B334B /* NewMovieCollectionViewCell.swift */,
				A1FF5BCA22D0FF56004B334B /* NewMovieCollectionViewCell.xib */,
				A1FC448122D416F000F59966 /* TopRateCollectionViewCell.swift */,
				A1FC448222D416F000F59966 /* TopRateCollectionViewCell.xib */,
				A1187CE122D6281400E596F7 /* TrailerCollectionViewCell.swift */,
				A1187CE222D6281400E596F7 /* TrailerCollectionViewCell.xib */,
				A1187CE522D63F0100E596F7 /* TrailerMovieView.swift */,
				A1187CE722D63F1300E596F7 /* TrailerMovieView.xib */,
			);
			path = View;
			sourceTree = "<group>";
		};
		A1157BFB22DAC23E008FC3D3 /* CommentListSectionViewModel */ = {
			isa = PBXGroup;
			children = (
				A1157BFF22DAC29D008FC3D3 /* CommentListSectionViewModel.swift */,
			);
			path = CommentListSectionViewModel;
			sourceTree = "<group>";
		};
		A1157BFC22DAC24F008FC3D3 /* CommentListRowViewModel */ = {
			isa = PBXGroup;
			children = (
				A1157C0122DAC2CB008FC3D3 /* CommentListRowViewModel.swift */,
			);
			path = CommentListRowViewModel;
			sourceTree = "<group>";
		};
		A1157C0922DAD2EB008FC3D3 /* View */ = {
			isa = PBXGroup;
			children = (
				A1157C1B22DB2366008FC3D3 /* AccountCell.swift */,
				A1D1D72722DB72FF001ABDE9 /* UsernameTableViewCell.swift */,
				A1D1D72822DB72FF001ABDE9 /* UsernameTableViewCell.xib */,
				A1D1D72F22DB7348001ABDE9 /* EmailTableViewCell.swift */,
				A1D1D73022DB7348001ABDE9 /* EmailTableViewCell.xib */,
				A1D1D73322DB7358001ABDE9 /* AddressTableViewCell.swift */,
				A1D1D73422DB7358001ABDE9 /* AddressTableViewCell.xib */,
				A1D1D73922DB737E001ABDE9 /* DateOfBirthTableViewCell.swift */,
				A1D1D73A22DB737E001ABDE9 /* DateOfBirthTableViewCell.xib */,
			);
			path = View;
			sourceTree = "<group>";
		};
		A1157C1022DADC6E008FC3D3 /* Account */ = {
			isa = PBXGroup;
			children = (
				A1157C1222DADC98008FC3D3 /* AccountRowViewModel */,
				A1157C1122DADC87008FC3D3 /* AccountSectionViewModel */,
				A1157C1322DADCB3008FC3D3 /* AccountViewModel.swift */,
			);
			path = Account;
			sourceTree = "<group>";
		};
		A1157C1122DADC87008FC3D3 /* AccountSectionViewModel */ = {
			isa = PBXGroup;
			children = (
				A1157C1522DADD1C008FC3D3 /* AccountSectionViewModel.swift */,
			);
			path = AccountSectionViewModel;
			sourceTree = "<group>";
		};
		A1157C1222DADC98008FC3D3 /* AccountRowViewModel */ = {
			isa = PBXGroup;
			children = (
				A1D1D73D22DB76EF001ABDE9 /* Base */,
				A1D1D73E22DB790D001ABDE9 /* UsernameViewModel.swift */,
				A1D1D74022DB7929001ABDE9 /* EmailViewModel.swift */,
				A1D1D74222DB794D001ABDE9 /* AddressViewModel.swift */,
				A1D1D74422DB796D001ABDE9 /* DateOfBirthViewModel.swift */,
			);
			path = AccountRowViewModel;
			sourceTree = "<group>";
		};
		A1396AE822D9045C0046DE6A /* View */ = {
			isa = PBXGroup;
			children = (
				A1396AE422D8E1C40046DE6A /* FavoriteTableViewCell.swift */,
				A1396AE522D8E1C40046DE6A /* FavoriteTableViewCell.xib */,
				A105E04522D9CF1400B85080 /* FavoriteMovieCell.swift */,
			);
			path = View;
			sourceTree = "<group>";
		};
		A1396AE922D9046E0046DE6A /* FavoriteMovie */ = {
			isa = PBXGroup;
			children = (
				A105E03C22D9BF1800B85080 /* SectionViewModel */,
				A105E03B22D9B8C600B85080 /* RowViewModel */,
				A105E03D22D9BF3D00B85080 /* FavoriteMovieViewModel.swift */,
			);
			path = FavoriteMovie;
			sourceTree = "<group>";
		};
		A1460AB022C6794C00E4BAA5 /* SectionViewModel */ = {
			isa = PBXGroup;
			children = (
				A1460AB222C6796A00E4BAA5 /* MovieListSectionViewModel.swift */,
			);
			path = SectionViewModel;
			sourceTree = "<group>";
		};
		A1460AB122C6795400E4BAA5 /* RowViewModel */ = {
			isa = PBXGroup;
			children = (
				A1460AC222C682D700E4BAA5 /* Base */,
				A1460AB822C67FD700E4BAA5 /* NewMovieCellViewModel.swift */,
				A1460ABA22C6801300E4BAA5 /* NowMovieCellViewModel.swift */,
				A1460ABC22C680EE00E4BAA5 /* TopRateCellViewModel.swift */,
				A1460ABE22C6810200E4BAA5 /* TrailersMovieCellViewModel.swift */,
			);
			path = RowViewModel;
			sourceTree = "<group>";
		};
		A1460AC222C682D700E4BAA5 /* Base */ = {
			isa = PBXGroup;
			children = (
				A1460AC022C682CF00E4BAA5 /* MovieListCellViewModel.swift */,
			);
			path = Base;
			sourceTree = "<group>";
		};
		A1460AC522C6884200E4BAA5 /* Home */ = {
			isa = PBXGroup;
			children = (
				A1460AB122C6795400E4BAA5 /* RowViewModel */,
				A1460AB022C6794C00E4BAA5 /* SectionViewModel */,
				A1460AC622C6885C00E4BAA5 /* MovieListViewModel.swift */,
			);
			path = Home;
			sourceTree = "<group>";
		};
		A1460AC922C688C500E4BAA5 /* Home */ = {
			isa = PBXGroup;
			children = (
				A1460AC322C687C000E4BAA5 /* MovieListController.swift */,
				A1083E0222C283AA0083F906 /* MovieListViewController.swift */,
				A1083E0C22C292100083F906 /* View */,
			);
			path = Home;
			sourceTree = "<group>";
		};
		A1460ACA22C6893A00E4BAA5 /* FavoriteMovie */ = {
			isa = PBXGroup;
			children = (
				A1083E0422C283CA0083F906 /* FavoriteMovieViewController.swift */,
				A105E04322D9C30B00B85080 /* FavoriteMovieController.swift */,
				A1396AE822D9045C0046DE6A /* View */,
			);
			path = FavoriteMovie;
			sourceTree = "<group>";
		};
		A1460ACB22C6895300E4BAA5 /* CommentListMovie */ = {
			isa = PBXGroup;
			children = (
				A1083E0622C283F00083F906 /* CommentListViewController.swift */,
				A1FEE11522DA3C72000F317F /* CommentListController.swift */,
				A1FEE11022DA3A3F000F317F /* View */,
			);
			path = CommentListMovie;
			sourceTree = "<group>";
		};
		A1460ACC22C6896300E4BAA5 /* AccountMovie */ = {
			isa = PBXGroup;
			children = (
				A1083E0822C284330083F906 /* AccountViewController.swift */,
				A1157C1922DAE04C008FC3D3 /* AccountController.swift */,
				A1157C0922DAD2EB008FC3D3 /* View */,
			);
			path = AccountMovie;
			sourceTree = "<group>";
		};
		A1460ACF22C694F200E4BAA5 /* LoadingMovie */ = {
			isa = PBXGroup;
			children = (
				A1460AD022C6950E00E4BAA5 /* LoadingViewController.swift */,
			);
			path = LoadingMovie;
			sourceTree = "<group>";
		};
		A169EF7B22C1440300AC7D6F = {
			isa = PBXGroup;
			children = (
				A169EF8622C1440300AC7D6F /* MovieFun */,
				A169EF8522C1440300AC7D6F /* Products */,
				36C6AA914F40E0C86F32676A /* Pods */,
				155524F7B48DB797A70FB03E /* Frameworks */,
			);
			sourceTree = "<group>";
		};
		A169EF8522C1440300AC7D6F /* Products */ = {
			isa = PBXGroup;
			children = (
				A169EF8422C1440300AC7D6F /* MovieFun.app */,
			);
			name = Products;
			sourceTree = "<group>";
		};
		A169EF8622C1440300AC7D6F /* MovieFun */ = {
			isa = PBXGroup;
			children = (
				A1083E0B22C291DB0083F906 /* Network */,
				A169EF8722C1440300AC7D6F /* AppDelegate.swift */,
				A169EF9D22C145B100AC7D6F /* Helper */,
				A169EF9C22C145A900AC7D6F /* Support File */,
				A169EF9B22C145A000AC7D6F /* ViewModel */,
				A169EF9A22C1459B00AC7D6F /* Model */,
				A169EF9922C1459600AC7D6F /* View */,
			);
			path = MovieFun;
			sourceTree = "<group>";
		};
		A169EF9922C1459600AC7D6F /* View */ = {
			isa = PBXGroup;
			children = (
				A1000B6322E3FB3D004CB269 /* MovieList */,
				A1806D8022DF7573009EA18F /* DetailMovie */,
				A1460ACF22C694F200E4BAA5 /* LoadingMovie */,
				A1460ACC22C6896300E4BAA5 /* AccountMovie */,
				A1460ACB22C6895300E4BAA5 /* CommentListMovie */,
				A1460ACA22C6893A00E4BAA5 /* FavoriteMovie */,
				A1460AC922C688C500E4BAA5 /* Home */,
				A169EF9E22C1460600AC7D6F /* Storyboard */,
			);
			path = View;
			sourceTree = "<group>";
		};
		A169EF9A22C1459B00AC7D6F /* Model */ = {
			isa = PBXGroup;
			children = (
				A1460AB622C67DB000E4BAA5 /* Movie.swift */,
				A1157C0322DAC3F6008FC3D3 /* GroupComment.swift */,
				A1157C0522DAC532008FC3D3 /* Account.swift */,
				A1FAEE1022E2C03C00FBF351 /* Cast.swift */,
			);
			path = Model;
			sourceTree = "<group>";
		};
		A169EF9B22C145A000AC7D6F /* ViewModel */ = {
			isa = PBXGroup;
			children = (
				A1000B7522E40905004CB269 /* MovieList */,
				A1806D9422DF8D58009EA18F /* MovieDetail */,
				A1157C1022DADC6E008FC3D3 /* Account */,
				A1FEE11722DA3C9C000F317F /* CommentList */,
				A1396AE922D9046E0046DE6A /* FavoriteMovie */,
				A1460AC522C6884200E4BAA5 /* Home */,
			);
			path = ViewModel;
			sourceTree = "<group>";
		};
		A169EF9C22C145A900AC7D6F /* Support File */ = {
			isa = PBXGroup;
			children = (
				A169EF8E22C1440500AC7D6F /* Assets.xcassets */,
				A169EF9322C1440500AC7D6F /* Info.plist */,
				A1157C0722DAC93C008FC3D3 /* GoogleService-Info.plist */,
			);
			path = "Support File";
			sourceTree = "<group>";
		};
		A169EF9D22C145B100AC7D6F /* Helper */ = {
			isa = PBXGroup;
			children = (
				A107EC1522C51C3300A711DA /* Constants.swift */,
				A1460AB422C679CA00E4BAA5 /* DynamicType.swift */,
				A104A71022C98D400039B5AA /* Utils.swift */,
				A1FF5BC522D0E19B004B334B /* UIView+MF.swift */,
				A1BFED2C22D2B13E005F4000 /* UInt64+MF.swift */,
				A10435AA22DCCFDF00784A10 /* UIImageView+MF.swift */,
			);
			path = Helper;
			sourceTree = "<group>";
		};
		A169EF9E22C1460600AC7D6F /* Storyboard */ = {
			isa = PBXGroup;
			children = (
				A169EF8B22C1440300AC7D6F /* Main.storyboard */,
				A1460ACD22C692C300E4BAA5 /* Utils.storyboard */,
			);
			path = Storyboard;
			sourceTree = "<group>";
		};
		A1806D8022DF7573009EA18F /* DetailMovie */ = {
			isa = PBXGroup;
			children = (
				A1806D8122DF758D009EA18F /* MovieDetailViewController.swift */,
				A1806DA622DFF95A009EA18F /* MovieDetailController.swift */,
				A1806D8322DF75D5009EA18F /* View */,
			);
			path = DetailMovie;
			sourceTree = "<group>";
		};
		A1806D8322DF75D5009EA18F /* View */ = {
			isa = PBXGroup;
			children = (
				A1FD10EA22E08B3C004380FA /* MovieDetailCell.swift */,
				A1806D8422DF79D2009EA18F /* MoviePlayerTableViewCell.swift */,
				A1806D8522DF79D2009EA18F /* MoviePlayerTableViewCell.xib */,
				A1806D8822DF854B009EA18F /* ContentTableViewCell.swift */,
				A1806D8922DF854B009EA18F /* ContentTableViewCell.xib */,
				A1806D8C22DF88E0009EA18F /* CastTableViewCell.swift */,
				A1806D8D22DF88E0009EA18F /* CastTableViewCell.xib */,
				A1806D9022DF8BB9009EA18F /* CastCollectionViewCell.swift */,
				A1806D9122DF8BB9009EA18F /* CastCollectionViewCell.xib */,
				A1FAEE1222E2F7B700FBF351 /* CommentTableViewCell.swift */,
				A1FAEE1322E2F7B700FBF351 /* CommentTableViewCell.xib */,
			);
			path = View;
			sourceTree = "<group>";
		};
		A1806D9422DF8D58009EA18F /* MovieDetail */ = {
			isa = PBXGroup;
			children = (
				A1806D9622DF8D7E009EA18F /* RowViewModel */,
				A1806D9522DF8D74009EA18F /* SectionVIewModel */,
				A1806D9922DFED30009EA18F /* MovieDetailViewModel.swift */,
			);
			path = MovieDetail;
			sourceTree = "<group>";
		};
		A1806D9522DF8D74009EA18F /* SectionVIewModel */ = {
			isa = PBXGroup;
			children = (
				A1806D9B22DFED86009EA18F /* MovieDetailSectionViewModel.swift */,
			);
			path = SectionVIewModel;
			sourceTree = "<group>";
		};
		A1806D9622DF8D7E009EA18F /* RowViewModel */ = {
			isa = PBXGroup;
			children = (
				A1806DA322DFEDE7009EA18F /* Base */,
				A1806D9D22DFEDB0009EA18F /* MoviePlayerViewModel.swift */,
				A1806D9F22DFEDC9009EA18F /* ContentViewModel.swift */,
				A1806DA122DFEDD7009EA18F /* CastViewModel.swift */,
				A1FAEE1622E2FA4000FBF351 /* CommentViewModel.swift */,
			);
			path = RowViewModel;
			sourceTree = "<group>";
		};
		A1806DA322DFEDE7009EA18F /* Base */ = {
			isa = PBXGroup;
			children = (
				A1806DA422DFEDFA009EA18F /* MovieDetailRowViewModel.swift */,
			);
			path = Base;
			sourceTree = "<group>";
		};
		A1D1D73D22DB76EF001ABDE9 /* Base */ = {
			isa = PBXGroup;
			children = (
				A1157C1722DADD6F008FC3D3 /* AccountRowViewModel.swift */,
			);
			path = Base;
			sourceTree = "<group>";
		};
		A1FEE11022DA3A3F000F317F /* View */ = {
			isa = PBXGroup;
			children = (
				A1FEE11122DA3A6A000F317F /* CommentListTableViewCell.swift */,
				A1FEE11222DA3A6A000F317F /* CommentListTableViewCell.xib */,
			);
			path = View;
			sourceTree = "<group>";
		};
		A1FEE11722DA3C9C000F317F /* CommentList */ = {
			isa = PBXGroup;
			children = (
				A1157BFC22DAC24F008FC3D3 /* CommentListRowViewModel */,
				A1157BFB22DAC23E008FC3D3 /* CommentListSectionViewModel */,
				A1157BFD22DAC271008FC3D3 /* CommentListViewModel.swift */,
			);
			path = CommentList;
			sourceTree = "<group>";
		};
/* End PBXGroup section */

/* Begin PBXNativeTarget section */
		A169EF8322C1440300AC7D6F /* MovieFun */ = {
			isa = PBXNativeTarget;
			buildConfigurationList = A169EF9622C1440500AC7D6F /* Build configuration list for PBXNativeTarget "MovieFun" */;
			buildPhases = (
				8B21CDDAA735608DA1FA650D /* [CP] Check Pods Manifest.lock */,
				A169EF8022C1440300AC7D6F /* Sources */,
				A169EF8122C1440300AC7D6F /* Frameworks */,
				A169EF8222C1440300AC7D6F /* Resources */,
				363355D6E4E05033DA5D1128 /* [CP] Embed Pods Frameworks */,
			);
			buildRules = (
			);
			dependencies = (
			);
			name = MovieFun;
			productName = MovieFun;
			productReference = A169EF8422C1440300AC7D6F /* MovieFun.app */;
			productType = "com.apple.product-type.application";
		};
/* End PBXNativeTarget section */

/* Begin PBXProject section */
		A169EF7C22C1440300AC7D6F /* Project object */ = {
			isa = PBXProject;
			attributes = {
				LastSwiftUpdateCheck = 1020;
				LastUpgradeCheck = 1020;
				ORGANIZATIONNAME = "nguyen manh hung";
				TargetAttributes = {
					A169EF8322C1440300AC7D6F = {
						CreatedOnToolsVersion = 10.2.1;
					};
				};
			};
			buildConfigurationList = A169EF7F22C1440300AC7D6F /* Build configuration list for PBXProject "MovieFun" */;
			compatibilityVersion = "Xcode 9.3";
			developmentRegion = en;
			hasScannedForEncodings = 0;
			knownRegions = (
				en,
				Base,
			);
			mainGroup = A169EF7B22C1440300AC7D6F;
			productRefGroup = A169EF8522C1440300AC7D6F /* Products */;
			projectDirPath = "";
			projectRoot = "";
			targets = (
				A169EF8322C1440300AC7D6F /* MovieFun */,
			);
		};
/* End PBXProject section */

/* Begin PBXResourcesBuildPhase section */
		A169EF8222C1440300AC7D6F /* Resources */ = {
			isa = PBXResourcesBuildPhase;
			buildActionMask = 2147483647;
			files = (
				A1D1D73C22DB737E001ABDE9 /* DateOfBirthTableViewCell.xib in Resources */,
				A1806D8722DF79D2009EA18F /* MoviePlayerTableViewCell.xib in Resources */,
				A1806D8F22DF88E0009EA18F /* CastTableViewCell.xib in Resources */,
				A1FC448422D416F000F59966 /* TopRateCollectionViewCell.xib in Resources */,
				A1460ACE22C692C300E4BAA5 /* Utils.storyboard in Resources */,
				A1157C0822DAC93D008FC3D3 /* GoogleService-Info.plist in Resources */,
				A1D1D72A22DB72FF001ABDE9 /* UsernameTableViewCell.xib in Resources */,
				A1FAEE1522E2F7B800FBF351 /* CommentTableViewCell.xib in Resources */,
				A107EC1B22C5272A00A711DA /* NowMovieView.xib in Resources */,
				A1A3E31722C3C64900C5DF5F /* NewMovieTableViewCell.xib in Resources */,
				A169EF8F22C1440500AC7D6F /* Assets.xcassets in Resources */,
				A107EC1C22C5272A00A711DA /* NowMovieTableViewCell.xib in Resources */,
				A169EF8D22C1440300AC7D6F /* Main.storyboard in Resources */,
				A1FEE11422DA3A6A000F317F /* CommentListTableViewCell.xib in Resources */,
				A1D1D73222DB7348001ABDE9 /* EmailTableViewCell.xib in Resources */,
				A1187CE822D63F1300E596F7 /* TrailerMovieView.xib in Resources */,
				A1000B8322E418FE004CB269 /* NewMovieListTableViewCell.xib in Resources */,
				A107EC2622C531F000A711DA /* TrailersMovieTableViewCell.xib in Resources */,
				A1806D8B22DF854B009EA18F /* ContentTableViewCell.xib in Resources */,
				A1396AE722D8E1C40046DE6A /* FavoriteTableViewCell.xib in Resources */,
				A1FF5BCC22D0FF56004B334B /* NewMovieCollectionViewCell.xib in Resources */,
				A1D1D73622DB7358001ABDE9 /* AddressTableViewCell.xib in Resources */,
				A1187CE422D6281400E596F7 /* TrailerCollectionViewCell.xib in Resources */,
				A107EC2222C52B9B00A711DA /* TopRateTableViewCell.xib in Resources */,
				A1806D9322DF8BB9009EA18F /* CastCollectionViewCell.xib in Resources */,
			);
			runOnlyForDeploymentPostprocessing = 0;
		};
/* End PBXResourcesBuildPhase section */

/* Begin PBXShellScriptBuildPhase section */
		363355D6E4E05033DA5D1128 /* [CP] Embed Pods Frameworks */ = {
			isa = PBXShellScriptBuildPhase;
			buildActionMask = 2147483647;
			files = (
			);
			inputFileListPaths = (
			);
			inputPaths = (
				"${SRCROOT}/Pods/Target Support Files/Pods-MovieFun/Pods-MovieFun-frameworks.sh",
				"${BUILT_PRODUCTS_DIR}/Alamofire/Alamofire.framework",
				"${BUILT_PRODUCTS_DIR}/GoogleUtilities/GoogleUtilities.framework",
				"${BUILT_PRODUCTS_DIR}/SDWebImage/SDWebImage.framework",
				"${BUILT_PRODUCTS_DIR}/SVProgressHUD/SVProgressHUD.framework",
				"${BUILT_PRODUCTS_DIR}/SwiftyJSON/SwiftyJSON.framework",
				"${BUILT_PRODUCTS_DIR}/nanopb/nanopb.framework",
			);
			name = "[CP] Embed Pods Frameworks";
			outputFileListPaths = (
			);
			outputPaths = (
				"${TARGET_BUILD_DIR}/${FRAMEWORKS_FOLDER_PATH}/Alamofire.framework",
				"${TARGET_BUILD_DIR}/${FRAMEWORKS_FOLDER_PATH}/GoogleUtilities.framework",
				"${TARGET_BUILD_DIR}/${FRAMEWORKS_FOLDER_PATH}/SDWebImage.framework",
				"${TARGET_BUILD_DIR}/${FRAMEWORKS_FOLDER_PATH}/SVProgressHUD.framework",
				"${TARGET_BUILD_DIR}/${FRAMEWORKS_FOLDER_PATH}/SwiftyJSON.framework",
				"${TARGET_BUILD_DIR}/${FRAMEWORKS_FOLDER_PATH}/nanopb.framework",
			);
			runOnlyForDeploymentPostprocessing = 0;
			shellPath = /bin/sh;
			shellScript = "\"${SRCROOT}/Pods/Target Support Files/Pods-MovieFun/Pods-MovieFun-frameworks.sh\"\n";
			showEnvVarsInLog = 0;
		};
		8B21CDDAA735608DA1FA650D /* [CP] Check Pods Manifest.lock */ = {
			isa = PBXShellScriptBuildPhase;
			buildActionMask = 2147483647;
			files = (
			);
			inputFileListPaths = (
			);
			inputPaths = (
				"${PODS_PODFILE_DIR_PATH}/Podfile.lock",
				"${PODS_ROOT}/Manifest.lock",
			);
			name = "[CP] Check Pods Manifest.lock";
			outputFileListPaths = (
			);
			outputPaths = (
				"$(DERIVED_FILE_DIR)/Pods-MovieFun-checkManifestLockResult.txt",
			);
			runOnlyForDeploymentPostprocessing = 0;
			shellPath = /bin/sh;
			shellScript = "diff \"${PODS_PODFILE_DIR_PATH}/Podfile.lock\" \"${PODS_ROOT}/Manifest.lock\" > /dev/null\nif [ $? != 0 ] ; then\n    # print error to STDERR\n    echo \"error: The sandbox is not in sync with the Podfile.lock. Run 'pod install' or update your CocoaPods installation.\" >&2\n    exit 1\nfi\n# This output is used by Xcode 'outputs' to avoid re-running this script phase.\necho \"SUCCESS\" > \"${SCRIPT_OUTPUT_FILE_0}\"\n";
			showEnvVarsInLog = 0;
		};
/* End PBXShellScriptBuildPhase section */

/* Begin PBXSourcesBuildPhase section */
		A169EF8022C1440300AC7D6F /* Sources */ = {
			isa = PBXSourcesBuildPhase;
			buildActionMask = 2147483647;
			files = (
				A1000B6822E3FBA7004CB269 /* NewMovieListViewController.swift in Sources */,
				A1460AC422C687C000E4BAA5 /* MovieListController.swift in Sources */,
				A1806DA722DFF95A009EA18F /* MovieDetailController.swift in Sources */,
				A1157C0622DAC532008FC3D3 /* Account.swift in Sources */,
				A1806D8A22DF854B009EA18F /* ContentTableViewCell.swift in Sources */,
				A1460AB722C67DB000E4BAA5 /* Movie.swift in Sources */,
				A105E04022D9BFDD00B85080 /* FavoriteSectionViewModel.swift in Sources */,
				A1083E0722C283F00083F906 /* CommentListViewController.swift in Sources */,
				A1157C1822DADD6F008FC3D3 /* AccountRowViewModel.swift in Sources */,
				A1000B6622E3FB93004CB269 /* ListViewController.swift in Sources */,
				A107EC2122C52B9B00A711DA /* TopRateTableViewCell.swift in Sources */,
				A1A3E31622C3C64900C5DF5F /* NewMovieTableViewCell.swift in Sources */,
				A1000B6C22E3FBC2004CB269 /* TopRateListViewController.swift in Sources */,
				A1157C1622DADD1C008FC3D3 /* AccountSectionViewModel.swift in Sources */,
				A1000B7E22E409EC004CB269 /* NewMovieListRowViewModel.swift in Sources */,
				A104A71122C98D400039B5AA /* Utils.swift in Sources */,
				A1D1D73F22DB790D001ABDE9 /* UsernameViewModel.swift in Sources */,
				A105E04422D9C30B00B85080 /* FavoriteMovieController.swift in Sources */,
				A1806DA222DFEDD7009EA18F /* CastViewModel.swift in Sources */,
				A1460AB322C6796A00E4BAA5 /* MovieListSectionViewModel.swift in Sources */,
				A1000B6E22E3FBCF004CB269 /* TrailerListViewController.swift in Sources */,
				A104A70D22C91A080039B5AA /* MovieService.swift in Sources */,
				A1806D9222DF8BB9009EA18F /* CastCollectionViewCell.swift in Sources */,
				A1083E0922C284330083F906 /* AccountViewController.swift in Sources */,
				A1157C1A22DAE04C008FC3D3 /* AccountController.swift in Sources */,
				A105E04222D9BFED00B85080 /* FavoriteRowViewModel.swift in Sources */,
				A1806D8622DF79D2009EA18F /* MoviePlayerTableViewCell.swift in Sources */,
				A1806D9A22DFED31009EA18F /* MovieDetailViewModel.swift in Sources */,
				A1460ABF22C6810200E4BAA5 /* TrailersMovieCellViewModel.swift in Sources */,
				A1FAEE1722E2FA4000FBF351 /* CommentViewModel.swift in Sources */,
				A1FEE11622DA3C72000F317F /* CommentListController.swift in Sources */,
				A1460AC122C682CF00E4BAA5 /* MovieListCellViewModel.swift in Sources */,
				A1D1D72922DB72FF001ABDE9 /* UsernameTableViewCell.swift in Sources */,
				A1187CE622D63F0100E596F7 /* TrailerMovieView.swift in Sources */,
				A1806D8222DF758D009EA18F /* MovieDetailViewController.swift in Sources */,
				A1D1D74522DB796D001ABDE9 /* DateOfBirthViewModel.swift in Sources */,
				A1FF5BCB22D0FF56004B334B /* NewMovieCollectionViewCell.swift in Sources */,
				A1FAEE1422E2F7B800FBF351 /* CommentTableViewCell.swift in Sources */,
				A1FF5BC622D0E19B004B334B /* UIView+MF.swift in Sources */,
				A104A70A22C90EEA0039B5AA /* MovieListCell.swift in Sources */,
				A1460ABB22C6801300E4BAA5 /* NowMovieCellViewModel.swift in Sources */,
				A1D1D73522DB7358001ABDE9 /* AddressTableViewCell.swift in Sources */,
				A1000B6A22E3FBB6004CB269 /* NowMovieListViewController.swift in Sources */,
				A1FC448322D416F000F59966 /* TopRateCollectionViewCell.swift in Sources */,
				A1806D8E22DF88E0009EA18F /* CastTableViewCell.swift in Sources */,
				A1D1D73122DB7348001ABDE9 /* EmailTableViewCell.swift in Sources */,
				A1806DA022DFEDC9009EA18F /* ContentViewModel.swift in Sources */,
				A1FD10EB22E08B3C004380FA /* MovieDetailCell.swift in Sources */,
				A1083E0522C283CA0083F906 /* FavoriteMovieViewController.swift in Sources */,
				A107EC2522C531F000A711DA /* TrailersMovieTableViewCell.swift in Sources */,
				A1000B7422E4087F004CB269 /* NewMovieListController.swift in Sources */,
				A1D1D74122DB7929001ABDE9 /* EmailViewModel.swift in Sources */,
				A1000B7822E4095A004CB269 /* NewMovieListViewModel.swift in Sources */,
				A1806D9C22DFED86009EA18F /* MovieDetailSectionViewModel.swift in Sources */,
				A1806DA522DFEDFA009EA18F /* MovieDetailRowViewModel.swift in Sources */,
				A1000B7C22E409DD004CB269 /* NewMovieListSectionViewModel.swift in Sources */,
				A107EC1D22C5272A00A711DA /* NowMovieView.swift in Sources */,
				A169EF8822C1440300AC7D6F /* AppDelegate.swift in Sources */,
				A1D1D73B22DB737E001ABDE9 /* DateOfBirthTableViewCell.swift in Sources */,
				A1D1D74322DB794D001ABDE9 /* AddressViewModel.swift in Sources */,
				A1806D9E22DFEDB0009EA18F /* MoviePlayerViewModel.swift in Sources */,
				A1157C0022DAC29D008FC3D3 /* CommentListSectionViewModel.swift in Sources */,
				A105E03E22D9BF3D00B85080 /* FavoriteMovieViewModel.swift in Sources */,
				A1157C1C22DB2366008FC3D3 /* AccountCell.swift in Sources */,
				A1083E0322C283AA0083F906 /* MovieListViewController.swift in Sources */,
				A107EC1622C51C3300A711DA /* Constants.swift in Sources */,
				A1187CE322D6281400E596F7 /* TrailerCollectionViewCell.swift in Sources */,
				A1000B8222E418FE004CB269 /* NewMovieListTableViewCell.swift in Sources */,
				A1460AB922C67FD700E4BAA5 /* NewMovieCellViewModel.swift in Sources */,
				A1FEE11322DA3A6A000F317F /* CommentListTableViewCell.swift in Sources */,
				A1157C1422DADCB4008FC3D3 /* AccountViewModel.swift in Sources */,
				A1396AE622D8E1C40046DE6A /* FavoriteTableViewCell.swift in Sources */,
				A1157BFE22DAC271008FC3D3 /* CommentListViewModel.swift in Sources */,
				A1460AC722C6885C00E4BAA5 /* MovieListViewModel.swift in Sources */,
				A1460AB522C679CA00E4BAA5 /* DynamicType.swift in Sources */,
				A1460AD122C6950E00E4BAA5 /* LoadingViewController.swift in Sources */,
				A1FAEE1122E2C03C00FBF351 /* Cast.swift in Sources */,
				A107EC1E22C5272A00A711DA /* NowMovieTableViewCell.swift in Sources */,
				A105E04622D9CF1400B85080 /* FavoriteMovieCell.swift in Sources */,
				A1157C0422DAC3F6008FC3D3 /* GroupComment.swift in Sources */,
				A1BFED2D22D2B13E005F4000 /* UInt64+MF.swift in Sources */,
				A10435AB22DCCFDF00784A10 /* UIImageView+MF.swift in Sources */,
				A1460ABD22C680EE00E4BAA5 /* TopRateCellViewModel.swift in Sources */,
				A1157C0222DAC2CB008FC3D3 /* CommentListRowViewModel.swift in Sources */,
			);
			runOnlyForDeploymentPostprocessing = 0;
		};
/* End PBXSourcesBuildPhase section */

/* Begin PBXVariantGroup section */
		A169EF8B22C1440300AC7D6F /* Main.storyboard */ = {
			isa = PBXVariantGroup;
			children = (
				A169EF8C22C1440300AC7D6F /* Base */,
			);
			name = Main.storyboard;
			sourceTree = "<group>";
		};
/* End PBXVariantGroup section */

/* Begin XCBuildConfiguration section */
		A169EF9422C1440500AC7D6F /* Debug */ = {
			isa = XCBuildConfiguration;
			buildSettings = {
				ALWAYS_SEARCH_USER_PATHS = NO;
				CLANG_ANALYZER_NONNULL = YES;
				CLANG_ANALYZER_NUMBER_OBJECT_CONVERSION = YES_AGGRESSIVE;
				CLANG_CXX_LANGUAGE_STANDARD = "gnu++14";
				CLANG_CXX_LIBRARY = "libc++";
				CLANG_ENABLE_MODULES = YES;
				CLANG_ENABLE_OBJC_ARC = YES;
				CLANG_ENABLE_OBJC_WEAK = YES;
				CLANG_WARN_BLOCK_CAPTURE_AUTORELEASING = YES;
				CLANG_WARN_BOOL_CONVERSION = YES;
				CLANG_WARN_COMMA = YES;
				CLANG_WARN_CONSTANT_CONVERSION = YES;
				CLANG_WARN_DEPRECATED_OBJC_IMPLEMENTATIONS = YES;
				CLANG_WARN_DIRECT_OBJC_ISA_USAGE = YES_ERROR;
				CLANG_WARN_DOCUMENTATION_COMMENTS = YES;
				CLANG_WARN_EMPTY_BODY = YES;
				CLANG_WARN_ENUM_CONVERSION = YES;
				CLANG_WARN_INFINITE_RECURSION = YES;
				CLANG_WARN_INT_CONVERSION = YES;
				CLANG_WARN_NON_LITERAL_NULL_CONVERSION = YES;
				CLANG_WARN_OBJC_IMPLICIT_RETAIN_SELF = YES;
				CLANG_WARN_OBJC_LITERAL_CONVERSION = YES;
				CLANG_WARN_OBJC_ROOT_CLASS = YES_ERROR;
				CLANG_WARN_RANGE_LOOP_ANALYSIS = YES;
				CLANG_WARN_STRICT_PROTOTYPES = YES;
				CLANG_WARN_SUSPICIOUS_MOVE = YES;
				CLANG_WARN_UNGUARDED_AVAILABILITY = YES_AGGRESSIVE;
				CLANG_WARN_UNREACHABLE_CODE = YES;
				CLANG_WARN__DUPLICATE_METHOD_MATCH = YES;
				CODE_SIGN_IDENTITY = "iPhone Developer";
				COPY_PHASE_STRIP = NO;
				DEBUG_INFORMATION_FORMAT = dwarf;
				ENABLE_STRICT_OBJC_MSGSEND = YES;
				ENABLE_TESTABILITY = YES;
				GCC_C_LANGUAGE_STANDARD = gnu11;
				GCC_DYNAMIC_NO_PIC = NO;
				GCC_NO_COMMON_BLOCKS = YES;
				GCC_OPTIMIZATION_LEVEL = 0;
				GCC_PREPROCESSOR_DEFINITIONS = (
					"DEBUG=1",
					"$(inherited)",
				);
				GCC_WARN_64_TO_32_BIT_CONVERSION = YES;
				GCC_WARN_ABOUT_RETURN_TYPE = YES_ERROR;
				GCC_WARN_UNDECLARED_SELECTOR = YES;
				GCC_WARN_UNINITIALIZED_AUTOS = YES_AGGRESSIVE;
				GCC_WARN_UNUSED_FUNCTION = YES;
				GCC_WARN_UNUSED_VARIABLE = YES;
				IPHONEOS_DEPLOYMENT_TARGET = 12.2;
				MTL_ENABLE_DEBUG_INFO = INCLUDE_SOURCE;
				MTL_FAST_MATH = YES;
				ONLY_ACTIVE_ARCH = YES;
				SDKROOT = iphoneos;
				SWIFT_ACTIVE_COMPILATION_CONDITIONS = DEBUG;
				SWIFT_OPTIMIZATION_LEVEL = "-Onone";
			};
			name = Debug;
		};
		A169EF9522C1440500AC7D6F /* Release */ = {
			isa = XCBuildConfiguration;
			buildSettings = {
				ALWAYS_SEARCH_USER_PATHS = NO;
				CLANG_ANALYZER_NONNULL = YES;
				CLANG_ANALYZER_NUMBER_OBJECT_CONVERSION = YES_AGGRESSIVE;
				CLANG_CXX_LANGUAGE_STANDARD = "gnu++14";
				CLANG_CXX_LIBRARY = "libc++";
				CLANG_ENABLE_MODULES = YES;
				CLANG_ENABLE_OBJC_ARC = YES;
				CLANG_ENABLE_OBJC_WEAK = YES;
				CLANG_WARN_BLOCK_CAPTURE_AUTORELEASING = YES;
				CLANG_WARN_BOOL_CONVERSION = YES;
				CLANG_WARN_COMMA = YES;
				CLANG_WARN_CONSTANT_CONVERSION = YES;
				CLANG_WARN_DEPRECATED_OBJC_IMPLEMENTATIONS = YES;
				CLANG_WARN_DIRECT_OBJC_ISA_USAGE = YES_ERROR;
				CLANG_WARN_DOCUMENTATION_COMMENTS = YES;
				CLANG_WARN_EMPTY_BODY = YES;
				CLANG_WARN_ENUM_CONVERSION = YES;
				CLANG_WARN_INFINITE_RECURSION = YES;
				CLANG_WARN_INT_CONVERSION = YES;
				CLANG_WARN_NON_LITERAL_NULL_CONVERSION = YES;
				CLANG_WARN_OBJC_IMPLICIT_RETAIN_SELF = YES;
				CLANG_WARN_OBJC_LITERAL_CONVERSION = YES;
				CLANG_WARN_OBJC_ROOT_CLASS = YES_ERROR;
				CLANG_WARN_RANGE_LOOP_ANALYSIS = YES;
				CLANG_WARN_STRICT_PROTOTYPES = YES;
				CLANG_WARN_SUSPICIOUS_MOVE = YES;
				CLANG_WARN_UNGUARDED_AVAILABILITY = YES_AGGRESSIVE;
				CLANG_WARN_UNREACHABLE_CODE = YES;
				CLANG_WARN__DUPLICATE_METHOD_MATCH = YES;
				CODE_SIGN_IDENTITY = "iPhone Developer";
				COPY_PHASE_STRIP = NO;
				DEBUG_INFORMATION_FORMAT = "dwarf-with-dsym";
				ENABLE_NS_ASSERTIONS = NO;
				ENABLE_STRICT_OBJC_MSGSEND = YES;
				GCC_C_LANGUAGE_STANDARD = gnu11;
				GCC_NO_COMMON_BLOCKS = YES;
				GCC_WARN_64_TO_32_BIT_CONVERSION = YES;
				GCC_WARN_ABOUT_RETURN_TYPE = YES_ERROR;
				GCC_WARN_UNDECLARED_SELECTOR = YES;
				GCC_WARN_UNINITIALIZED_AUTOS = YES_AGGRESSIVE;
				GCC_WARN_UNUSED_FUNCTION = YES;
				GCC_WARN_UNUSED_VARIABLE = YES;
				IPHONEOS_DEPLOYMENT_TARGET = 12.2;
				MTL_ENABLE_DEBUG_INFO = NO;
				MTL_FAST_MATH = YES;
				SDKROOT = iphoneos;
				SWIFT_COMPILATION_MODE = wholemodule;
				SWIFT_OPTIMIZATION_LEVEL = "-O";
				VALIDATE_PRODUCT = YES;
			};
			name = Release;
		};
		A169EF9722C1440500AC7D6F /* Debug */ = {
			isa = XCBuildConfiguration;
			baseConfigurationReference = B13320E470BBB47B7E6EDBED /* Pods-MovieFun.debug.xcconfig */;
			buildSettings = {
				ASSETCATALOG_COMPILER_APPICON_NAME = AppIcon;
				CODE_SIGN_STYLE = Automatic;
				DEVELOPMENT_TEAM = 4G9ZTYQ858;
				INFOPLIST_FILE = "$(SRCROOT)/MovieFun/Support File/Info.plist";
				IPHONEOS_DEPLOYMENT_TARGET = 10.0;
				LD_RUNPATH_SEARCH_PATHS = (
					"$(inherited)",
					"@executable_path/Frameworks",
				);
				PRODUCT_BUNDLE_IDENTIFIER = com.piedpiper.moviefun;
				PRODUCT_NAME = "$(TARGET_NAME)";
				SWIFT_VERSION = 5.0;
				TARGETED_DEVICE_FAMILY = "1,2";
			};
			name = Debug;
		};
		A169EF9822C1440500AC7D6F /* Release */ = {
			isa = XCBuildConfiguration;
			baseConfigurationReference = 4F855BCDB526970A5659EB69 /* Pods-MovieFun.release.xcconfig */;
			buildSettings = {
				ASSETCATALOG_COMPILER_APPICON_NAME = AppIcon;
				CODE_SIGN_STYLE = Automatic;
				DEVELOPMENT_TEAM = 4G9ZTYQ858;
				INFOPLIST_FILE = "$(SRCROOT)/MovieFun/Support File/Info.plist";
				IPHONEOS_DEPLOYMENT_TARGET = 10.0;
				LD_RUNPATH_SEARCH_PATHS = (
					"$(inherited)",
					"@executable_path/Frameworks",
				);
				PRODUCT_BUNDLE_IDENTIFIER = com.piedpiper.moviefun;
				PRODUCT_NAME = "$(TARGET_NAME)";
				SWIFT_VERSION = 5.0;
				TARGETED_DEVICE_FAMILY = "1,2";
			};
			name = Release;
		};
/* End XCBuildConfiguration section */

/* Begin XCConfigurationList section */
		A169EF7F22C1440300AC7D6F /* Build configuration list for PBXProject "MovieFun" */ = {
			isa = XCConfigurationList;
			buildConfigurations = (
				A169EF9422C1440500AC7D6F /* Debug */,
				A169EF9522C1440500AC7D6F /* Release */,
			);
			defaultConfigurationIsVisible = 0;
			defaultConfigurationName = Release;
		};
		A169EF9622C1440500AC7D6F /* Build configuration list for PBXNativeTarget "MovieFun" */ = {
			isa = XCConfigurationList;
			buildConfigurations = (
				A169EF9722C1440500AC7D6F /* Debug */,
				A169EF9822C1440500AC7D6F /* Release */,
			);
			defaultConfigurationIsVisible = 0;
			defaultConfigurationName = Release;
		};
/* End XCConfigurationList section */
	};
	rootObject = A169EF7C22C1440300AC7D6F /* Project object */;
}
