// !$*UTF8*$!
{
	archiveVersion = 1;
	classes = {
	};
	objectVersion = 50;
	objects = {

/* Begin PBXBuildFile section */
		A107EC1622C51C3300A711DA /* Constants.swift in Sources */ = {isa = PBXBuildFile; fileRef = A107EC1522C51C3300A711DA /* Constants.swift */; };
		A107EC1B22C5272A00A711DA /* NowMovieView.xib in Resources */ = {isa = PBXBuildFile; fileRef = A107EC1722C5272900A711DA /* NowMovieView.xib */; };
		A107EC1C22C5272A00A711DA /* NowMovieTableViewCell.xib in Resources */ = {isa = PBXBuildFile; fileRef = A107EC1822C5272A00A711DA /* NowMovieTableViewCell.xib */; };
		A107EC1D22C5272A00A711DA /* NowMovieView.swift in Sources */ = {isa = PBXBuildFile; fileRef = A107EC1922C5272A00A711DA /* NowMovieView.swift */; };
		A107EC1E22C5272A00A711DA /* NowMovieTableViewCell.swift in Sources */ = {isa = PBXBuildFile; fileRef = A107EC1A22C5272A00A711DA /* NowMovieTableViewCell.swift */; };
		A107EC2122C52B9B00A711DA /* TopRateTableViewCell.swift in Sources */ = {isa = PBXBuildFile; fileRef = A107EC1F22C52B9B00A711DA /* TopRateTableViewCell.swift */; };
		A107EC2222C52B9B00A711DA /* TopRateTableViewCell.xib in Resources */ = {isa = PBXBuildFile; fileRef = A107EC2022C52B9B00A711DA /* TopRateTableViewCell.xib */; };
		A107EC2522C531F000A711DA /* TrailersMovieTableViewCell.swift in Sources */ = {isa = PBXBuildFile; fileRef = A107EC2322C531F000A711DA /* TrailersMovieTableViewCell.swift */; };
		A107EC2622C531F000A711DA /* TrailersMovieTableViewCell.xib in Resources */ = {isa = PBXBuildFile; fileRef = A107EC2422C531F000A711DA /* TrailersMovieTableViewCell.xib */; };
		A1083E0322C283AA0083F906 /* MovieListViewController.swift in Sources */ = {isa = PBXBuildFile; fileRef = A1083E0222C283AA0083F906 /* MovieListViewController.swift */; };
		A1083E0522C283CA0083F906 /* FavoriteMovieViewController.swift in Sources */ = {isa = PBXBuildFile; fileRef = A1083E0422C283CA0083F906 /* FavoriteMovieViewController.swift */; };
		A1083E0722C283F00083F906 /* CommentListViewController.swift in Sources */ = {isa = PBXBuildFile; fileRef = A1083E0622C283F00083F906 /* CommentListViewController.swift */; };
		A1083E0922C284330083F906 /* AccountViewController.swift in Sources */ = {isa = PBXBuildFile; fileRef = A1083E0822C284330083F906 /* AccountViewController.swift */; };
		A1460AB322C6796A00E4BAA5 /* MovieListSectionViewModel.swift in Sources */ = {isa = PBXBuildFile; fileRef = A1460AB222C6796A00E4BAA5 /* MovieListSectionViewModel.swift */; };
		A1460AB522C679CA00E4BAA5 /* DynamicType.swift in Sources */ = {isa = PBXBuildFile; fileRef = A1460AB422C679CA00E4BAA5 /* DynamicType.swift */; };
		A1460AB722C67DB000E4BAA5 /* Movie.swift in Sources */ = {isa = PBXBuildFile; fileRef = A1460AB622C67DB000E4BAA5 /* Movie.swift */; };
		A1460AB922C67FD700E4BAA5 /* NewMovieCellViewModel.swift in Sources */ = {isa = PBXBuildFile; fileRef = A1460AB822C67FD700E4BAA5 /* NewMovieCellViewModel.swift */; };
		A1460ABB22C6801300E4BAA5 /* NowMovieCellViewModel.swift in Sources */ = {isa = PBXBuildFile; fileRef = A1460ABA22C6801300E4BAA5 /* NowMovieCellViewModel.swift */; };
		A1460ABD22C680EE00E4BAA5 /* TopRateCellViewModel.swift in Sources */ = {isa = PBXBuildFile; fileRef = A1460ABC22C680EE00E4BAA5 /* TopRateCellViewModel.swift */; };
		A1460ABF22C6810200E4BAA5 /* TrailersMovieCellViewModel.swift in Sources */ = {isa = PBXBuildFile; fileRef = A1460ABE22C6810200E4BAA5 /* TrailersMovieCellViewModel.swift */; };
		A1460AC122C682CF00E4BAA5 /* MovieListCellViewModel.swift in Sources */ = {isa = PBXBuildFile; fileRef = A1460AC022C682CF00E4BAA5 /* MovieListCellViewModel.swift */; };
		A1460AC422C687C000E4BAA5 /* MovieListController.swift in Sources */ = {isa = PBXBuildFile; fileRef = A1460AC322C687C000E4BAA5 /* MovieListController.swift */; };
		A1460AC722C6885C00E4BAA5 /* MovieListViewModel.swift in Sources */ = {isa = PBXBuildFile; fileRef = A1460AC622C6885C00E4BAA5 /* MovieListViewModel.swift */; };
		A1460ACE22C692C300E4BAA5 /* Utils.storyboard in Resources */ = {isa = PBXBuildFile; fileRef = A1460ACD22C692C300E4BAA5 /* Utils.storyboard */; };
		A1460AD122C6950E00E4BAA5 /* LoadingViewController.swift in Sources */ = {isa = PBXBuildFile; fileRef = A1460AD022C6950E00E4BAA5 /* LoadingViewController.swift */; };
		A169EF8822C1440300AC7D6F /* AppDelegate.swift in Sources */ = {isa = PBXBuildFile; fileRef = A169EF8722C1440300AC7D6F /* AppDelegate.swift */; };
		A169EF8D22C1440300AC7D6F /* Main.storyboard in Resources */ = {isa = PBXBuildFile; fileRef = A169EF8B22C1440300AC7D6F /* Main.storyboard */; };
		A169EF8F22C1440500AC7D6F /* Assets.xcassets in Resources */ = {isa = PBXBuildFile; fileRef = A169EF8E22C1440500AC7D6F /* Assets.xcassets */; };
		A1A3E31622C3C64900C5DF5F /* NewMovieTableViewCell.swift in Sources */ = {isa = PBXBuildFile; fileRef = A1A3E31422C3C64900C5DF5F /* NewMovieTableViewCell.swift */; };
		A1A3E31722C3C64900C5DF5F /* NewMovieTableViewCell.xib in Resources */ = {isa = PBXBuildFile; fileRef = A1A3E31522C3C64900C5DF5F /* NewMovieTableViewCell.xib */; };
/* End PBXBuildFile section */

/* Begin PBXFileReference section */
		A107EC1522C51C3300A711DA /* Constants.swift */ = {isa = PBXFileReference; lastKnownFileType = sourcecode.swift; path = Constants.swift; sourceTree = "<group>"; };
		A107EC1722C5272900A711DA /* NowMovieView.xib */ = {isa = PBXFileReference; fileEncoding = 4; lastKnownFileType = file.xib; path = NowMovieView.xib; sourceTree = "<group>"; };
		A107EC1822C5272A00A711DA /* NowMovieTableViewCell.xib */ = {isa = PBXFileReference; fileEncoding = 4; lastKnownFileType = file.xib; path = NowMovieTableViewCell.xib; sourceTree = "<group>"; };
		A107EC1922C5272A00A711DA /* NowMovieView.swift */ = {isa = PBXFileReference; fileEncoding = 4; lastKnownFileType = sourcecode.swift; path = NowMovieView.swift; sourceTree = "<group>"; };
		A107EC1A22C5272A00A711DA /* NowMovieTableViewCell.swift */ = {isa = PBXFileReference; fileEncoding = 4; lastKnownFileType = sourcecode.swift; path = NowMovieTableViewCell.swift; sourceTree = "<group>"; };
		A107EC1F22C52B9B00A711DA /* TopRateTableViewCell.swift */ = {isa = PBXFileReference; lastKnownFileType = sourcecode.swift; path = TopRateTableViewCell.swift; sourceTree = "<group>"; };
		A107EC2022C52B9B00A711DA /* TopRateTableViewCell.xib */ = {isa = PBXFileReference; lastKnownFileType = file.xib; path = TopRateTableViewCell.xib; sourceTree = "<group>"; };
		A107EC2322C531F000A711DA /* TrailersMovieTableViewCell.swift */ = {isa = PBXFileReference; lastKnownFileType = sourcecode.swift; path = TrailersMovieTableViewCell.swift; sourceTree = "<group>"; };
		A107EC2422C531F000A711DA /* TrailersMovieTableViewCell.xib */ = {isa = PBXFileReference; lastKnownFileType = file.xib; path = TrailersMovieTableViewCell.xib; sourceTree = "<group>"; };
		A1083E0222C283AA0083F906 /* MovieListViewController.swift */ = {isa = PBXFileReference; lastKnownFileType = sourcecode.swift; path = MovieListViewController.swift; sourceTree = "<group>"; };
		A1083E0422C283CA0083F906 /* FavoriteMovieViewController.swift */ = {isa = PBXFileReference; lastKnownFileType = sourcecode.swift; path = FavoriteMovieViewController.swift; sourceTree = "<group>"; };
		A1083E0622C283F00083F906 /* CommentListViewController.swift */ = {isa = PBXFileReference; lastKnownFileType = sourcecode.swift; path = CommentListViewController.swift; sourceTree = "<group>"; };
		A1083E0822C284330083F906 /* AccountViewController.swift */ = {isa = PBXFileReference; lastKnownFileType = sourcecode.swift; path = AccountViewController.swift; sourceTree = "<group>"; };
		A1460AB222C6796A00E4BAA5 /* MovieListSectionViewModel.swift */ = {isa = PBXFileReference; lastKnownFileType = sourcecode.swift; path = MovieListSectionViewModel.swift; sourceTree = "<group>"; };
		A1460AB422C679CA00E4BAA5 /* DynamicType.swift */ = {isa = PBXFileReference; lastKnownFileType = sourcecode.swift; path = DynamicType.swift; sourceTree = "<group>"; };
		A1460AB622C67DB000E4BAA5 /* Movie.swift */ = {isa = PBXFileReference; lastKnownFileType = sourcecode.swift; path = Movie.swift; sourceTree = "<group>"; };
		A1460AB822C67FD700E4BAA5 /* NewMovieCellViewModel.swift */ = {isa = PBXFileReference; lastKnownFileType = sourcecode.swift; path = NewMovieCellViewModel.swift; sourceTree = "<group>"; };
		A1460ABA22C6801300E4BAA5 /* NowMovieCellViewModel.swift */ = {isa = PBXFileReference; lastKnownFileType = sourcecode.swift; path = NowMovieCellViewModel.swift; sourceTree = "<group>"; };
		A1460ABC22C680EE00E4BAA5 /* TopRateCellViewModel.swift */ = {isa = PBXFileReference; lastKnownFileType = sourcecode.swift; path = TopRateCellViewModel.swift; sourceTree = "<group>"; };
		A1460ABE22C6810200E4BAA5 /* TrailersMovieCellViewModel.swift */ = {isa = PBXFileReference; lastKnownFileType = sourcecode.swift; path = TrailersMovieCellViewModel.swift; sourceTree = "<group>"; };
		A1460AC022C682CF00E4BAA5 /* MovieListCellViewModel.swift */ = {isa = PBXFileReference; lastKnownFileType = sourcecode.swift; path = MovieListCellViewModel.swift; sourceTree = "<group>"; };
		A1460AC322C687C000E4BAA5 /* MovieListController.swift */ = {isa = PBXFileReference; lastKnownFileType = sourcecode.swift; path = MovieListController.swift; sourceTree = "<group>"; };
		A1460AC622C6885C00E4BAA5 /* MovieListViewModel.swift */ = {isa = PBXFileReference; lastKnownFileType = sourcecode.swift; path = MovieListViewModel.swift; sourceTree = "<group>"; };
		A1460ACD22C692C300E4BAA5 /* Utils.storyboard */ = {isa = PBXFileReference; lastKnownFileType = file.storyboard; path = Utils.storyboard; sourceTree = "<group>"; };
		A1460AD022C6950E00E4BAA5 /* LoadingViewController.swift */ = {isa = PBXFileReference; lastKnownFileType = sourcecode.swift; path = LoadingViewController.swift; sourceTree = "<group>"; };
		A169EF8422C1440300AC7D6F /* MovieFun.app */ = {isa = PBXFileReference; explicitFileType = wrapper.application; includeInIndex = 0; path = MovieFun.app; sourceTree = BUILT_PRODUCTS_DIR; };
		A169EF8722C1440300AC7D6F /* AppDelegate.swift */ = {isa = PBXFileReference; lastKnownFileType = sourcecode.swift; path = AppDelegate.swift; sourceTree = "<group>"; };
		A169EF8C22C1440300AC7D6F /* Base */ = {isa = PBXFileReference; lastKnownFileType = file.storyboard; name = Base; path = Base.lproj/Main.storyboard; sourceTree = "<group>"; };
		A169EF8E22C1440500AC7D6F /* Assets.xcassets */ = {isa = PBXFileReference; lastKnownFileType = folder.assetcatalog; path = Assets.xcassets; sourceTree = "<group>"; };
		A169EF9322C1440500AC7D6F /* Info.plist */ = {isa = PBXFileReference; lastKnownFileType = text.plist.xml; path = Info.plist; sourceTree = "<group>"; };
		A1A3E31422C3C64900C5DF5F /* NewMovieTableViewCell.swift */ = {isa = PBXFileReference; lastKnownFileType = sourcecode.swift; path = NewMovieTableViewCell.swift; sourceTree = "<group>"; };
		A1A3E31522C3C64900C5DF5F /* NewMovieTableViewCell.xib */ = {isa = PBXFileReference; lastKnownFileType = file.xib; path = NewMovieTableViewCell.xib; sourceTree = "<group>"; };
/* End PBXFileReference section */

/* Begin PBXFrameworksBuildPhase section */
		A169EF8122C1440300AC7D6F /* Frameworks */ = {
			isa = PBXFrameworksBuildPhase;
			buildActionMask = 2147483647;
			files = (
			);
			runOnlyForDeploymentPostprocessing = 0;
		};
/* End PBXFrameworksBuildPhase section */

/* Begin PBXGroup section */
		A1083E0B22C291DB0083F906 /* Network */ = {
			isa = PBXGroup;
			children = (
			);
			path = Network;
			sourceTree = "<group>";
		};
		A1083E0C22C292100083F906 /* View */ = {
			isa = PBXGroup;
			children = (
				A107EC1A22C5272A00A711DA /* NowMovieTableViewCell.swift */,
				A107EC1822C5272A00A711DA /* NowMovieTableViewCell.xib */,
				A107EC1922C5272A00A711DA /* NowMovieView.swift */,
				A107EC1722C5272900A711DA /* NowMovieView.xib */,
				A1A3E31422C3C64900C5DF5F /* NewMovieTableViewCell.swift */,
				A1A3E31522C3C64900C5DF5F /* NewMovieTableViewCell.xib */,
				A107EC1F22C52B9B00A711DA /* TopRateTableViewCell.swift */,
				A107EC2022C52B9B00A711DA /* TopRateTableViewCell.xib */,
				A107EC2322C531F000A711DA /* TrailersMovieTableViewCell.swift */,
				A107EC2422C531F000A711DA /* TrailersMovieTableViewCell.xib */,
			);
			path = View;
			sourceTree = "<group>";
		};
		A1460AB022C6794C00E4BAA5 /* SectionViewModel */ = {
			isa = PBXGroup;
			children = (
				A1460AB222C6796A00E4BAA5 /* MovieListSectionViewModel.swift */,
			);
			path = SectionViewModel;
			sourceTree = "<group>";
		};
		A1460AB122C6795400E4BAA5 /* RowViewModel */ = {
			isa = PBXGroup;
			children = (
				A1460AC222C682D700E4BAA5 /* Base */,
				A1460AB822C67FD700E4BAA5 /* NewMovieCellViewModel.swift */,
				A1460ABA22C6801300E4BAA5 /* NowMovieCellViewModel.swift */,
				A1460ABC22C680EE00E4BAA5 /* TopRateCellViewModel.swift */,
				A1460ABE22C6810200E4BAA5 /* TrailersMovieCellViewModel.swift */,
			);
			path = RowViewModel;
			sourceTree = "<group>";
		};
		A1460AC222C682D700E4BAA5 /* Base */ = {
			isa = PBXGroup;
			children = (
				A1460AC022C682CF00E4BAA5 /* MovieListCellViewModel.swift */,
			);
			path = Base;
			sourceTree = "<group>";
		};
		A1460AC522C6884200E4BAA5 /* MovieList */ = {
			isa = PBXGroup;
			children = (
				A1460AB122C6795400E4BAA5 /* RowViewModel */,
				A1460AB022C6794C00E4BAA5 /* SectionViewModel */,
				A1460AC622C6885C00E4BAA5 /* MovieListViewModel.swift */,
			);
			path = MovieList;
			sourceTree = "<group>";
		};
		A1460AC922C688C500E4BAA5 /* MovieList */ = {
			isa = PBXGroup;
			children = (
				A1460AC322C687C000E4BAA5 /* MovieListController.swift */,
				A1083E0222C283AA0083F906 /* MovieListViewController.swift */,
				A1083E0C22C292100083F906 /* View */,
			);
			path = MovieList;
			sourceTree = "<group>";
		};
		A1460ACA22C6893A00E4BAA5 /* FavoriteMovie */ = {
			isa = PBXGroup;
			children = (
				A1083E0422C283CA0083F906 /* FavoriteMovieViewController.swift */,
			);
			path = FavoriteMovie;
			sourceTree = "<group>";
		};
		A1460ACB22C6895300E4BAA5 /* CommentListMovie */ = {
			isa = PBXGroup;
			children = (
				A1083E0622C283F00083F906 /* CommentListViewController.swift */,
			);
			path = CommentListMovie;
			sourceTree = "<group>";
		};
		A1460ACC22C6896300E4BAA5 /* AccountMovie */ = {
			isa = PBXGroup;
			children = (
				A1083E0822C284330083F906 /* AccountViewController.swift */,
			);
			path = AccountMovie;
			sourceTree = "<group>";
		};
		A1460ACF22C694F200E4BAA5 /* LoadingMovie */ = {
			isa = PBXGroup;
			children = (
				A1460AD022C6950E00E4BAA5 /* LoadingViewController.swift */,
			);
			path = LoadingMovie;
			sourceTree = "<group>";
		};
		A169EF7B22C1440300AC7D6F = {
			isa = PBXGroup;
			children = (
				A169EF8622C1440300AC7D6F /* MovieFun */,
				A169EF8522C1440300AC7D6F /* Products */,
			);
			sourceTree = "<group>";
		};
		A169EF8522C1440300AC7D6F /* Products */ = {
			isa = PBXGroup;
			children = (
				A169EF8422C1440300AC7D6F /* MovieFun.app */,
			);
			name = Products;
			sourceTree = "<group>";
		};
		A169EF8622C1440300AC7D6F /* MovieFun */ = {
			isa = PBXGroup;
			children = (
				A1083E0B22C291DB0083F906 /* Network */,
				A169EF8722C1440300AC7D6F /* AppDelegate.swift */,
				A169EF9D22C145B100AC7D6F /* Helper */,
				A169EF9C22C145A900AC7D6F /* Support File */,
				A169EF9B22C145A000AC7D6F /* ViewModel */,
				A169EF9A22C1459B00AC7D6F /* Model */,
				A169EF9922C1459600AC7D6F /* View */,
			);
			path = MovieFun;
			sourceTree = "<group>";
		};
		A169EF9922C1459600AC7D6F /* View */ = {
			isa = PBXGroup;
			children = (
				A1460ACF22C694F200E4BAA5 /* LoadingMovie */,
				A1460ACC22C6896300E4BAA5 /* AccountMovie */,
				A1460ACB22C6895300E4BAA5 /* CommentListMovie */,
				A1460ACA22C6893A00E4BAA5 /* FavoriteMovie */,
				A1460AC922C688C500E4BAA5 /* MovieList */,
				A169EF9E22C1460600AC7D6F /* Storyboard */,
			);
			path = View;
			sourceTree = "<group>";
		};
		A169EF9A22C1459B00AC7D6F /* Model */ = {
			isa = PBXGroup;
			children = (
				A1460AB622C67DB000E4BAA5 /* Movie.swift */,
			);
			path = Model;
			sourceTree = "<group>";
		};
		A169EF9B22C145A000AC7D6F /* ViewModel */ = {
			isa = PBXGroup;
			children = (
				A1460AC522C6884200E4BAA5 /* MovieList */,
			);
			path = ViewModel;
			sourceTree = "<group>";
		};
		A169EF9C22C145A900AC7D6F /* Support File */ = {
			isa = PBXGroup;
			children = (
				A169EF8E22C1440500AC7D6F /* Assets.xcassets */,
				A169EF9322C1440500AC7D6F /* Info.plist */,
			);
			path = "Support File";
			sourceTree = "<group>";
		};
		A169EF9D22C145B100AC7D6F /* Helper */ = {
			isa = PBXGroup;
			children = (
				A107EC1522C51C3300A711DA /* Constants.swift */,
				A1460AB422C679CA00E4BAA5 /* DynamicType.swift */,
			);
			path = Helper;
			sourceTree = "<group>";
		};
		A169EF9E22C1460600AC7D6F /* Storyboard */ = {
			isa = PBXGroup;
			children = (
				A169EF8B22C1440300AC7D6F /* Main.storyboard */,
				A1460ACD22C692C300E4BAA5 /* Utils.storyboard */,
			);
			path = Storyboard;
			sourceTree = "<group>";
		};
/* End PBXGroup section */

/* Begin PBXNativeTarget section */
		A169EF8322C1440300AC7D6F /* MovieFun */ = {
			isa = PBXNativeTarget;
			buildConfigurationList = A169EF9622C1440500AC7D6F /* Build configuration list for PBXNativeTarget "MovieFun" */;
			buildPhases = (
				A169EF8022C1440300AC7D6F /* Sources */,
				A169EF8122C1440300AC7D6F /* Frameworks */,
				A169EF8222C1440300AC7D6F /* Resources */,
			);
			buildRules = (
			);
			dependencies = (
			);
			name = MovieFun;
			productName = MovieFun;
			productReference = A169EF8422C1440300AC7D6F /* MovieFun.app */;
			productType = "com.apple.product-type.application";
		};
/* End PBXNativeTarget section */

/* Begin PBXProject section */
		A169EF7C22C1440300AC7D6F /* Project object */ = {
			isa = PBXProject;
			attributes = {
				LastSwiftUpdateCheck = 1020;
				LastUpgradeCheck = 1020;
				ORGANIZATIONNAME = "nguyen manh hung";
				TargetAttributes = {
					A169EF8322C1440300AC7D6F = {
						CreatedOnToolsVersion = 10.2.1;
					};
				};
			};
			buildConfigurationList = A169EF7F22C1440300AC7D6F /* Build configuration list for PBXProject "MovieFun" */;
			compatibilityVersion = "Xcode 9.3";
			developmentRegion = en;
			hasScannedForEncodings = 0;
			knownRegions = (
				en,
				Base,
			);
			mainGroup = A169EF7B22C1440300AC7D6F;
			productRefGroup = A169EF8522C1440300AC7D6F /* Products */;
			projectDirPath = "";
			projectRoot = "";
			targets = (
				A169EF8322C1440300AC7D6F /* MovieFun */,
			);
		};
/* End PBXProject section */

/* Begin PBXResourcesBuildPhase section */
		A169EF8222C1440300AC7D6F /* Resources */ = {
			isa = PBXResourcesBuildPhase;
			buildActionMask = 2147483647;
			files = (
				A1460ACE22C692C300E4BAA5 /* Utils.storyboard in Resources */,
				A107EC1B22C5272A00A711DA /* NowMovieView.xib in Resources */,
				A1A3E31722C3C64900C5DF5F /* NewMovieTableViewCell.xib in Resources */,
				A169EF8F22C1440500AC7D6F /* Assets.xcassets in Resources */,
				A107EC1C22C5272A00A711DA /* NowMovieTableViewCell.xib in Resources */,
				A169EF8D22C1440300AC7D6F /* Main.storyboard in Resources */,
				A107EC2622C531F000A711DA /* TrailersMovieTableViewCell.xib in Resources */,
				A107EC2222C52B9B00A711DA /* TopRateTableViewCell.xib in Resources */,
			);
			runOnlyForDeploymentPostprocessing = 0;
		};
/* End PBXResourcesBuildPhase section */

/* Begin PBXSourcesBuildPhase section */
		A169EF8022C1440300AC7D6F /* Sources */ = {
			isa = PBXSourcesBuildPhase;
			buildActionMask = 2147483647;
			files = (
				A1460AC422C687C000E4BAA5 /* MovieListController.swift in Sources */,
				A1460AB722C67DB000E4BAA5 /* Movie.swift in Sources */,
				A1083E0722C283F00083F906 /* CommentListViewController.swift in Sources */,
				A107EC2122C52B9B00A711DA /* TopRateTableViewCell.swift in Sources */,
				A1A3E31622C3C64900C5DF5F /* NewMovieTableViewCell.swift in Sources */,
				A1460AB322C6796A00E4BAA5 /* MovieListSectionViewModel.swift in Sources */,
				A1083E0922C284330083F906 /* AccountViewController.swift in Sources */,
				A1460ABF22C6810200E4BAA5 /* TrailersMovieCellViewModel.swift in Sources */,
				A1460AC122C682CF00E4BAA5 /* MovieListCellViewModel.swift in Sources */,
				A1460ABB22C6801300E4BAA5 /* NowMovieCellViewModel.swift in Sources */,
				A1083E0522C283CA0083F906 /* FavoriteMovieViewController.swift in Sources */,
				A107EC2522C531F000A711DA /* TrailersMovieTableViewCell.swift in Sources */,
				A107EC1D22C5272A00A711DA /* NowMovieView.swift in Sources */,
				A169EF8822C1440300AC7D6F /* AppDelegate.swift in Sources */,
				A1083E0322C283AA0083F906 /* MovieListViewController.swift in Sources */,
				A107EC1622C51C3300A711DA /* Constants.swift in Sources */,
				A1460AB922C67FD700E4BAA5 /* NewMovieCellViewModel.swift in Sources */,
				A1460AC722C6885C00E4BAA5 /* MovieListViewModel.swift in Sources */,
				A1460AB522C679CA00E4BAA5 /* DynamicType.swift in Sources */,
				A1460AD122C6950E00E4BAA5 /* LoadingViewController.swift in Sources */,
				A107EC1E22C5272A00A711DA /* NowMovieTableViewCell.swift in Sources */,
				A1460ABD22C680EE00E4BAA5 /* TopRateCellViewModel.swift in Sources */,
			);
			runOnlyForDeploymentPostprocessing = 0;
		};
/* End PBXSourcesBuildPhase section */

/* Begin PBXVariantGroup section */
		A169EF8B22C1440300AC7D6F /* Main.storyboard */ = {
			isa = PBXVariantGroup;
			children = (
				A169EF8C22C1440300AC7D6F /* Base */,
			);
			name = Main.storyboard;
			sourceTree = "<group>";
		};
/* End PBXVariantGroup section */

/* Begin XCBuildConfiguration section */
		A169EF9422C1440500AC7D6F /* Debug */ = {
			isa = XCBuildConfiguration;
			buildSettings = {
				ALWAYS_SEARCH_USER_PATHS = NO;
				CLANG_ANALYZER_NONNULL = YES;
				CLANG_ANALYZER_NUMBER_OBJECT_CONVERSION = YES_AGGRESSIVE;
				CLANG_CXX_LANGUAGE_STANDARD = "gnu++14";
				CLANG_CXX_LIBRARY = "libc++";
				CLANG_ENABLE_MODULES = YES;
				CLANG_ENABLE_OBJC_ARC = YES;
				CLANG_ENABLE_OBJC_WEAK = YES;
				CLANG_WARN_BLOCK_CAPTURE_AUTORELEASING = YES;
				CLANG_WARN_BOOL_CONVERSION = YES;
				CLANG_WARN_COMMA = YES;
				CLANG_WARN_CONSTANT_CONVERSION = YES;
				CLANG_WARN_DEPRECATED_OBJC_IMPLEMENTATIONS = YES;
				CLANG_WARN_DIRECT_OBJC_ISA_USAGE = YES_ERROR;
				CLANG_WARN_DOCUMENTATION_COMMENTS = YES;
				CLANG_WARN_EMPTY_BODY = YES;
				CLANG_WARN_ENUM_CONVERSION = YES;
				CLANG_WARN_INFINITE_RECURSION = YES;
				CLANG_WARN_INT_CONVERSION = YES;
				CLANG_WARN_NON_LITERAL_NULL_CONVERSION = YES;
				CLANG_WARN_OBJC_IMPLICIT_RETAIN_SELF = YES;
				CLANG_WARN_OBJC_LITERAL_CONVERSION = YES;
				CLANG_WARN_OBJC_ROOT_CLASS = YES_ERROR;
				CLANG_WARN_RANGE_LOOP_ANALYSIS = YES;
				CLANG_WARN_STRICT_PROTOTYPES = YES;
				CLANG_WARN_SUSPICIOUS_MOVE = YES;
				CLANG_WARN_UNGUARDED_AVAILABILITY = YES_AGGRESSIVE;
				CLANG_WARN_UNREACHABLE_CODE = YES;
				CLANG_WARN__DUPLICATE_METHOD_MATCH = YES;
				CODE_SIGN_IDENTITY = "iPhone Developer";
				COPY_PHASE_STRIP = NO;
				DEBUG_INFORMATION_FORMAT = dwarf;
				ENABLE_STRICT_OBJC_MSGSEND = YES;
				ENABLE_TESTABILITY = YES;
				GCC_C_LANGUAGE_STANDARD = gnu11;
				GCC_DYNAMIC_NO_PIC = NO;
				GCC_NO_COMMON_BLOCKS = YES;
				GCC_OPTIMIZATION_LEVEL = 0;
				GCC_PREPROCESSOR_DEFINITIONS = (
					"DEBUG=1",
					"$(inherited)",
				);
				GCC_WARN_64_TO_32_BIT_CONVERSION = YES;
				GCC_WARN_ABOUT_RETURN_TYPE = YES_ERROR;
				GCC_WARN_UNDECLARED_SELECTOR = YES;
				GCC_WARN_UNINITIALIZED_AUTOS = YES_AGGRESSIVE;
				GCC_WARN_UNUSED_FUNCTION = YES;
				GCC_WARN_UNUSED_VARIABLE = YES;
				IPHONEOS_DEPLOYMENT_TARGET = 12.2;
				MTL_ENABLE_DEBUG_INFO = INCLUDE_SOURCE;
				MTL_FAST_MATH = YES;
				ONLY_ACTIVE_ARCH = YES;
				SDKROOT = iphoneos;
				SWIFT_ACTIVE_COMPILATION_CONDITIONS = DEBUG;
				SWIFT_OPTIMIZATION_LEVEL = "-Onone";
			};
			name = Debug;
		};
		A169EF9522C1440500AC7D6F /* Release */ = {
			isa = XCBuildConfiguration;
			buildSettings = {
				ALWAYS_SEARCH_USER_PATHS = NO;
				CLANG_ANALYZER_NONNULL = YES;
				CLANG_ANALYZER_NUMBER_OBJECT_CONVERSION = YES_AGGRESSIVE;
				CLANG_CXX_LANGUAGE_STANDARD = "gnu++14";
				CLANG_CXX_LIBRARY = "libc++";
				CLANG_ENABLE_MODULES = YES;
				CLANG_ENABLE_OBJC_ARC = YES;
				CLANG_ENABLE_OBJC_WEAK = YES;
				CLANG_WARN_BLOCK_CAPTURE_AUTORELEASING = YES;
				CLANG_WARN_BOOL_CONVERSION = YES;
				CLANG_WARN_COMMA = YES;
				CLANG_WARN_CONSTANT_CONVERSION = YES;
				CLANG_WARN_DEPRECATED_OBJC_IMPLEMENTATIONS = YES;
				CLANG_WARN_DIRECT_OBJC_ISA_USAGE = YES_ERROR;
				CLANG_WARN_DOCUMENTATION_COMMENTS = YES;
				CLANG_WARN_EMPTY_BODY = YES;
				CLANG_WARN_ENUM_CONVERSION = YES;
				CLANG_WARN_INFINITE_RECURSION = YES;
				CLANG_WARN_INT_CONVERSION = YES;
				CLANG_WARN_NON_LITERAL_NULL_CONVERSION = YES;
				CLANG_WARN_OBJC_IMPLICIT_RETAIN_SELF = YES;
				CLANG_WARN_OBJC_LITERAL_CONVERSION = YES;
				CLANG_WARN_OBJC_ROOT_CLASS = YES_ERROR;
				CLANG_WARN_RANGE_LOOP_ANALYSIS = YES;
				CLANG_WARN_STRICT_PROTOTYPES = YES;
				CLANG_WARN_SUSPICIOUS_MOVE = YES;
				CLANG_WARN_UNGUARDED_AVAILABILITY = YES_AGGRESSIVE;
				CLANG_WARN_UNREACHABLE_CODE = YES;
				CLANG_WARN__DUPLICATE_METHOD_MATCH = YES;
				CODE_SIGN_IDENTITY = "iPhone Developer";
				COPY_PHASE_STRIP = NO;
				DEBUG_INFORMATION_FORMAT = "dwarf-with-dsym";
				ENABLE_NS_ASSERTIONS = NO;
				ENABLE_STRICT_OBJC_MSGSEND = YES;
				GCC_C_LANGUAGE_STANDARD = gnu11;
				GCC_NO_COMMON_BLOCKS = YES;
				GCC_WARN_64_TO_32_BIT_CONVERSION = YES;
				GCC_WARN_ABOUT_RETURN_TYPE = YES_ERROR;
				GCC_WARN_UNDECLARED_SELECTOR = YES;
				GCC_WARN_UNINITIALIZED_AUTOS = YES_AGGRESSIVE;
				GCC_WARN_UNUSED_FUNCTION = YES;
				GCC_WARN_UNUSED_VARIABLE = YES;
				IPHONEOS_DEPLOYMENT_TARGET = 12.2;
				MTL_ENABLE_DEBUG_INFO = NO;
				MTL_FAST_MATH = YES;
				SDKROOT = iphoneos;
				SWIFT_COMPILATION_MODE = wholemodule;
				SWIFT_OPTIMIZATION_LEVEL = "-O";
				VALIDATE_PRODUCT = YES;
			};
			name = Release;
		};
		A169EF9722C1440500AC7D6F /* Debug */ = {
			isa = XCBuildConfiguration;
			buildSettings = {
				ASSETCATALOG_COMPILER_APPICON_NAME = AppIcon;
				CODE_SIGN_STYLE = Automatic;
				DEVELOPMENT_TEAM = 4G9ZTYQ858;
				INFOPLIST_FILE = "$(SRCROOT)/MovieFun/Support File/Info.plist";
				IPHONEOS_DEPLOYMENT_TARGET = 10.0;
				LD_RUNPATH_SEARCH_PATHS = (
					"$(inherited)",
					"@executable_path/Frameworks",
				);
				PRODUCT_BUNDLE_IDENTIFIER = com.piedpiper.moviefun;
				PRODUCT_NAME = "$(TARGET_NAME)";
				SWIFT_VERSION = 5.0;
				TARGETED_DEVICE_FAMILY = "1,2";
			};
			name = Debug;
		};
		A169EF9822C1440500AC7D6F /* Release */ = {
			isa = XCBuildConfiguration;
			buildSettings = {
				ASSETCATALOG_COMPILER_APPICON_NAME = AppIcon;
				CODE_SIGN_STYLE = Automatic;
				DEVELOPMENT_TEAM = 4G9ZTYQ858;
				INFOPLIST_FILE = "$(SRCROOT)/MovieFun/Support File/Info.plist";
				IPHONEOS_DEPLOYMENT_TARGET = 10.0;
				LD_RUNPATH_SEARCH_PATHS = (
					"$(inherited)",
					"@executable_path/Frameworks",
				);
				PRODUCT_BUNDLE_IDENTIFIER = com.piedpiper.moviefun;
				PRODUCT_NAME = "$(TARGET_NAME)";
				SWIFT_VERSION = 5.0;
				TARGETED_DEVICE_FAMILY = "1,2";
			};
			name = Release;
		};
/* End XCBuildConfiguration section */

/* Begin XCConfigurationList section */
		A169EF7F22C1440300AC7D6F /* Build configuration list for PBXProject "MovieFun" */ = {
			isa = XCConfigurationList;
			buildConfigurations = (
				A169EF9422C1440500AC7D6F /* Debug */,
				A169EF9522C1440500AC7D6F /* Release */,
			);
			defaultConfigurationIsVisible = 0;
			defaultConfigurationName = Release;
		};
		A169EF9622C1440500AC7D6F /* Build configuration list for PBXNativeTarget "MovieFun" */ = {
			isa = XCConfigurationList;
			buildConfigurations = (
				A169EF9722C1440500AC7D6F /* Debug */,
				A169EF9822C1440500AC7D6F /* Release */,
			);
			defaultConfigurationIsVisible = 0;
			defaultConfigurationName = Release;
		};
/* End XCConfigurationList section */
	};
	rootObject = A169EF7C22C1440300AC7D6F /* Project object */;
}
